PODS:
  - MASPreferences (1.3)
  - MASShortcut (2.3.6)
  - Sparkle (1.18.1)

DEPENDENCIES:
  - MASPreferences
  - MASShortcut
  - Sparkle

SPEC CHECKSUMS:
  MASPreferences: c08b8622dd17b47da87669e741efd7c92e970e8c
  MASShortcut: 9c215e8a8a78f3d01ce56da48e2730ab66b538fa
  Sparkle: 06ea33170007c5937ee54da481b4481af98fac79

PODFILE CHECKSUM: c3c4f2d68029794b7fbb088994c17b3ea74f6f1f

COCOAPODS: 1.3.1
