PODS:
  - AXSwift (0.2.0)
  - MASPreferences+Shifty (1.3.3)
  - MASShortcut (2.3.6)
  - PublicSuffix (0.1)
  - Sparkle (1.18.1)
  - SwiftLog (0.9.1)

DEPENDENCIES:
  - AXSwift
  - MASPreferences+Shifty
  - MASShortcut
  - PublicSuffix
  - Sparkle
  - SwiftLog

SPEC CHECKSUMS:
  AXSwift: b53ace49696c103adf962e416350eb8fe2d782b5
  MASPreferences+Shifty: bfd566e5f635c348c6954d7d203d0b959309d60e
  MASShortcut: 9c215e8a8a78f3d01ce56da48e2730ab66b538fa
  PublicSuffix: fb6147cd2400ff7a04f4173df07b73e55af29b65
  Sparkle: 06ea33170007c5937ee54da481b4481af98fac79
  SwiftLog: 82dc4ef232f2029efd76bc7a4f922d5a5b065f8c

PODFILE CHECKSUM: 13400ad8d986190b5957e1958673874582e6788e

COCOAPODS: 1.3.1
