// !$*UTF8*$!
{
	archiveVersion = 1;
	classes = {
	};
	objectVersion = 46;
	objects = {

/* Begin PBXBuildFile section */
		433EE8521EBD8ECA007EA870 /* CoreBrightness.framework in Frameworks */ = {isa = PBXBuildFile; fileRef = 433EE8511EBD8ECA007EA870 /* CoreBrightness.framework */; };
		4346F8EB1EBE827E00687A67 /* PreferencesWindow.xib in Resources */ = {isa = PBXBuildFile; fileRef = 4346F8E91EBE827E00687A67 /* PreferencesWindow.xib */; };
		4368E3031EBEBA6C00D53310 /* PreferencesWindow.swift in Sources */ = {isa = PBXBuildFile; fileRef = 4368E3021EBEBA6C00D53310 /* PreferencesWindow.swift */; };
		437D7E161EC015CB00544FC8 /* SliderView.swift in Sources */ = {isa = PBXBuildFile; fileRef = 437D7E151EC015CB00544FC8 /* SliderView.swift */; };
		4394DDA91EBE376F00F22908 /* AppDelegate.swift in Sources */ = {isa = PBXBuildFile; fileRef = 4394DDA21EBE376F00F22908 /* AppDelegate.swift */; };
		4394DDAA1EBE376F00F22908 /* Assets.xcassets in Resources */ = {isa = PBXBuildFile; fileRef = 4394DDA31EBE376F00F22908 /* Assets.xcassets */; };
		4394DDAB1EBE376F00F22908 /* Info.plist in Resources */ = {isa = PBXBuildFile; fileRef = 4394DDA51EBE376F00F22908 /* Info.plist */; };
		4394DDAC1EBE376F00F22908 /* MainMenu.xib in Resources */ = {isa = PBXBuildFile; fileRef = 4394DDA61EBE376F00F22908 /* MainMenu.xib */; };
		4394DDAD1EBE376F00F22908 /* StatusMenuController.swift in Sources */ = {isa = PBXBuildFile; fileRef = 4394DDA81EBE376F00F22908 /* StatusMenuController.swift */; };
/* End PBXBuildFile section */

/* Begin PBXFileReference section */
		433EE8511EBD8ECA007EA870 /* CoreBrightness.framework */ = {isa = PBXFileReference; lastKnownFileType = wrapper.framework; name = CoreBrightness.framework; path = ../../../../../System/Library/PrivateFrameworks/CoreBrightness.framework; sourceTree = "<group>"; };
		4346F8E91EBE827E00687A67 /* PreferencesWindow.xib */ = {isa = PBXFileReference; fileEncoding = 4; lastKnownFileType = file.xib; name = PreferencesWindow.xib; path = Shifty/PreferencesWindow.xib; sourceTree = "<group>"; };
		4368E3021EBEBA6C00D53310 /* PreferencesWindow.swift */ = {isa = PBXFileReference; fileEncoding = 4; lastKnownFileType = sourcecode.swift; name = PreferencesWindow.swift; path = Shifty/PreferencesWindow.swift; sourceTree = "<group>"; };
		437D7E151EC015CB00544FC8 /* SliderView.swift */ = {isa = PBXFileReference; fileEncoding = 4; lastKnownFileType = sourcecode.swift; name = SliderView.swift; path = Shifty/SliderView.swift; sourceTree = "<group>"; };
		4394DDA21EBE376F00F22908 /* AppDelegate.swift */ = {isa = PBXFileReference; fileEncoding = 4; lastKnownFileType = sourcecode.swift; name = AppDelegate.swift; path = Shifty/AppDelegate.swift; sourceTree = "<group>"; };
		4394DDA31EBE376F00F22908 /* Assets.xcassets */ = {isa = PBXFileReference; lastKnownFileType = folder.assetcatalog; name = Assets.xcassets; path = Shifty/Assets.xcassets; sourceTree = "<group>"; };
		4394DDA41EBE376F00F22908 /* CBBlueLightClient.h */ = {isa = PBXFileReference; fileEncoding = 4; lastKnownFileType = sourcecode.c.h; name = CBBlueLightClient.h; path = Shifty/CBBlueLightClient.h; sourceTree = "<group>"; };
		4394DDA51EBE376F00F22908 /* Info.plist */ = {isa = PBXFileReference; fileEncoding = 4; lastKnownFileType = text.plist.xml; name = Info.plist; path = Shifty/Info.plist; sourceTree = "<group>"; };
		4394DDA61EBE376F00F22908 /* MainMenu.xib */ = {isa = PBXFileReference; fileEncoding = 4; lastKnownFileType = file.xib; name = MainMenu.xib; path = Shifty/MainMenu.xib; sourceTree = "<group>"; };
		4394DDA81EBE376F00F22908 /* StatusMenuController.swift */ = {isa = PBXFileReference; fileEncoding = 4; lastKnownFileType = sourcecode.swift; name = StatusMenuController.swift; path = Shifty/StatusMenuController.swift; sourceTree = "<group>"; };
		4394DDAE1EBE379900F22908 /* Shifty-Bridging-Header.h */ = {isa = PBXFileReference; lastKnownFileType = sourcecode.c.h; name = "Shifty-Bridging-Header.h"; path = "Shifty/Shifty-Bridging-Header.h"; sourceTree = "<group>"; };
		43CC9E431EBAB19300983528 /* Shifty.app */ = {isa = PBXFileReference; explicitFileType = wrapper.application; includeInIndex = 0; path = Shifty.app; sourceTree = BUILT_PRODUCTS_DIR; };
/* End PBXFileReference section */

/* Begin PBXFrameworksBuildPhase section */
		43CC9E401EBAB19300983528 /* Frameworks */ = {
			isa = PBXFrameworksBuildPhase;
			buildActionMask = 2147483647;
			files = (
				433EE8521EBD8ECA007EA870 /* CoreBrightness.framework in Frameworks */,
			);
			runOnlyForDeploymentPostprocessing = 0;
		};
/* End PBXFrameworksBuildPhase section */

/* Begin PBXGroup section */
		433EE8501EBD8ECA007EA870 /* Frameworks */ = {
			isa = PBXGroup;
			children = (
				433EE8511EBD8ECA007EA870 /* CoreBrightness.framework */,
			);
			name = Frameworks;
			sourceTree = "<group>";
		};
		4394DDA11EBE375300F22908 /* Shifty */ = {
			isa = PBXGroup;
			children = (
				4394DDAE1EBE379900F22908 /* Shifty-Bridging-Header.h */,
				4394DDA41EBE376F00F22908 /* CBBlueLightClient.h */,
				4394DDA21EBE376F00F22908 /* AppDelegate.swift */,
				4394DDA81EBE376F00F22908 /* StatusMenuController.swift */,
				4368E3021EBEBA6C00D53310 /* PreferencesWindow.swift */,
				437D7E151EC015CB00544FC8 /* SliderView.swift */,
				4394DDA61EBE376F00F22908 /* MainMenu.xib */,
				4346F8E91EBE827E00687A67 /* PreferencesWindow.xib */,
				4394DDA31EBE376F00F22908 /* Assets.xcassets */,
				4394DDA51EBE376F00F22908 /* Info.plist */,
			);
			name = Shifty;
			sourceTree = "<group>";
		};
		43CC9E3A1EBAB19300983528 = {
			isa = PBXGroup;
			children = (
				4394DDA11EBE375300F22908 /* Shifty */,
				43CC9E441EBAB19300983528 /* Products */,
				433EE8501EBD8ECA007EA870 /* Frameworks */,
			);
			sourceTree = "<group>";
		};
		43CC9E441EBAB19300983528 /* Products */ = {
			isa = PBXGroup;
			children = (
				43CC9E431EBAB19300983528 /* Shifty.app */,
			);
			name = Products;
			sourceTree = "<group>";
		};
/* End PBXGroup section */

/* Begin PBXNativeTarget section */
		43CC9E421EBAB19300983528 /* Shifty */ = {
			isa = PBXNativeTarget;
			buildConfigurationList = 43CC9E521EBAB19300983528 /* Build configuration list for PBXNativeTarget "Shifty" */;
			buildPhases = (
				43CC9E3F1EBAB19300983528 /* Sources */,
				43CC9E401EBAB19300983528 /* Frameworks */,
				43CC9E411EBAB19300983528 /* Resources */,
			);
			buildRules = (
			);
			dependencies = (
			);
			name = Shifty;
			productName = "Night-Shift-Tool";
			productReference = 43CC9E431EBAB19300983528 /* Shifty.app */;
			productType = "com.apple.product-type.application";
		};
/* End PBXNativeTarget section */

/* Begin PBXProject section */
		43CC9E3B1EBAB19300983528 /* Project object */ = {
			isa = PBXProject;
			attributes = {
				LastSwiftUpdateCheck = 0830;
				LastUpgradeCheck = 0830;
				TargetAttributes = {
					43CC9E421EBAB19300983528 = {
						CreatedOnToolsVersion = 8.3.1;
						DevelopmentTeam = YT2C78F725;
						ProvisioningStyle = Automatic;
					};
				};
			};
			buildConfigurationList = 43CC9E3E1EBAB19300983528 /* Build configuration list for PBXProject "Shifty" */;
			compatibilityVersion = "Xcode 3.2";
			developmentRegion = English;
			hasScannedForEncodings = 0;
			knownRegions = (
				en,
				Base,
			);
			mainGroup = 43CC9E3A1EBAB19300983528;
			productRefGroup = 43CC9E441EBAB19300983528 /* Products */;
			projectDirPath = "";
			projectRoot = "";
			targets = (
				43CC9E421EBAB19300983528 /* Shifty */,
			);
		};
/* End PBXProject section */

/* Begin PBXResourcesBuildPhase section */
		43CC9E411EBAB19300983528 /* Resources */ = {
			isa = PBXResourcesBuildPhase;
			buildActionMask = 2147483647;
			files = (
				4346F8EB1EBE827E00687A67 /* PreferencesWindow.xib in Resources */,
				4394DDAB1EBE376F00F22908 /* Info.plist in Resources */,
				4394DDAA1EBE376F00F22908 /* Assets.xcassets in Resources */,
				4394DDAC1EBE376F00F22908 /* MainMenu.xib in Resources */,
			);
			runOnlyForDeploymentPostprocessing = 0;
		};
/* End PBXResourcesBuildPhase section */

/* Begin PBXSourcesBuildPhase section */
		43CC9E3F1EBAB19300983528 /* Sources */ = {
			isa = PBXSourcesBuildPhase;
			buildActionMask = 2147483647;
			files = (
				4368E3031EBEBA6C00D53310 /* PreferencesWindow.swift in Sources */,
				437D7E161EC015CB00544FC8 /* SliderView.swift in Sources */,
				4394DDAD1EBE376F00F22908 /* StatusMenuController.swift in Sources */,
				4394DDA91EBE376F00F22908 /* AppDelegate.swift in Sources */,
			);
			runOnlyForDeploymentPostprocessing = 0;
		};
/* End PBXSourcesBuildPhase section */

/* Begin XCBuildConfiguration section */
		43CC9E501EBAB19300983528 /* Debug */ = {
			isa = XCBuildConfiguration;
			buildSettings = {
				ALWAYS_SEARCH_USER_PATHS = NO;
				CLANG_ANALYZER_NONNULL = YES;
				CLANG_ANALYZER_NUMBER_OBJECT_CONVERSION = YES_AGGRESSIVE;
				CLANG_CXX_LANGUAGE_STANDARD = "gnu++0x";
				CLANG_CXX_LIBRARY = "libc++";
				CLANG_ENABLE_MODULES = YES;
				CLANG_ENABLE_OBJC_ARC = YES;
				CLANG_WARN_BOOL_CONVERSION = YES;
				CLANG_WARN_CONSTANT_CONVERSION = YES;
				CLANG_WARN_DIRECT_OBJC_ISA_USAGE = YES_ERROR;
				CLANG_WARN_DOCUMENTATION_COMMENTS = YES;
				CLANG_WARN_EMPTY_BODY = YES;
				CLANG_WARN_ENUM_CONVERSION = YES;
				CLANG_WARN_INFINITE_RECURSION = YES;
				CLANG_WARN_INT_CONVERSION = YES;
				CLANG_WARN_OBJC_ROOT_CLASS = YES_ERROR;
				CLANG_WARN_SUSPICIOUS_MOVE = YES;
				CLANG_WARN_UNREACHABLE_CODE = YES;
				CLANG_WARN__DUPLICATE_METHOD_MATCH = YES;
				CODE_SIGN_IDENTITY = "-";
				COPY_PHASE_STRIP = NO;
				DEBUG_INFORMATION_FORMAT = dwarf;
				ENABLE_STRICT_OBJC_MSGSEND = YES;
				ENABLE_TESTABILITY = YES;
				GCC_C_LANGUAGE_STANDARD = gnu99;
				GCC_DYNAMIC_NO_PIC = NO;
				GCC_NO_COMMON_BLOCKS = YES;
				GCC_OPTIMIZATION_LEVEL = 0;
				GCC_PREPROCESSOR_DEFINITIONS = (
					"DEBUG=1",
					"$(inherited)",
				);
				GCC_WARN_64_TO_32_BIT_CONVERSION = YES;
				GCC_WARN_ABOUT_RETURN_TYPE = YES_ERROR;
				GCC_WARN_UNDECLARED_SELECTOR = YES;
				GCC_WARN_UNINITIALIZED_AUTOS = YES_AGGRESSIVE;
				GCC_WARN_UNUSED_FUNCTION = YES;
				GCC_WARN_UNUSED_VARIABLE = YES;
				MACOSX_DEPLOYMENT_TARGET = 10.12;
				MTL_ENABLE_DEBUG_INFO = YES;
				ONLY_ACTIVE_ARCH = YES;
				SDKROOT = macosx;
				SWIFT_ACTIVE_COMPILATION_CONDITIONS = DEBUG;
				SWIFT_OPTIMIZATION_LEVEL = "-Onone";
			};
			name = Debug;
		};
		43CC9E511EBAB19300983528 /* Release */ = {
			isa = XCBuildConfiguration;
			buildSettings = {
				ALWAYS_SEARCH_USER_PATHS = NO;
				CLANG_ANALYZER_NONNULL = YES;
				CLANG_ANALYZER_NUMBER_OBJECT_CONVERSION = YES_AGGRESSIVE;
				CLANG_CXX_LANGUAGE_STANDARD = "gnu++0x";
				CLANG_CXX_LIBRARY = "libc++";
				CLANG_ENABLE_MODULES = YES;
				CLANG_ENABLE_OBJC_ARC = YES;
				CLANG_WARN_BOOL_CONVERSION = YES;
				CLANG_WARN_CONSTANT_CONVERSION = YES;
				CLANG_WARN_DIRECT_OBJC_ISA_USAGE = YES_ERROR;
				CLANG_WARN_DOCUMENTATION_COMMENTS = YES;
				CLANG_WARN_EMPTY_BODY = YES;
				CLANG_WARN_ENUM_CONVERSION = YES;
				CLANG_WARN_INFINITE_RECURSION = YES;
				CLANG_WARN_INT_CONVERSION = YES;
				CLANG_WARN_OBJC_ROOT_CLASS = YES_ERROR;
				CLANG_WARN_SUSPICIOUS_MOVE = YES;
				CLANG_WARN_UNREACHABLE_CODE = YES;
				CLANG_WARN__DUPLICATE_METHOD_MATCH = YES;
				CODE_SIGN_IDENTITY = "-";
				COPY_PHASE_STRIP = NO;
				DEBUG_INFORMATION_FORMAT = "dwarf-with-dsym";
				ENABLE_NS_ASSERTIONS = NO;
				ENABLE_STRICT_OBJC_MSGSEND = YES;
				GCC_C_LANGUAGE_STANDARD = gnu99;
				GCC_NO_COMMON_BLOCKS = YES;
				GCC_WARN_64_TO_32_BIT_CONVERSION = YES;
				GCC_WARN_ABOUT_RETURN_TYPE = YES_ERROR;
				GCC_WARN_UNDECLARED_SELECTOR = YES;
				GCC_WARN_UNINITIALIZED_AUTOS = YES_AGGRESSIVE;
				GCC_WARN_UNUSED_FUNCTION = YES;
				GCC_WARN_UNUSED_VARIABLE = YES;
				MACOSX_DEPLOYMENT_TARGET = 10.12;
				MTL_ENABLE_DEBUG_INFO = NO;
				SDKROOT = macosx;
				SWIFT_OPTIMIZATION_LEVEL = "-Owholemodule";
			};
			name = Release;
		};
		43CC9E531EBAB19300983528 /* Debug */ = {
			isa = XCBuildConfiguration;
			buildSettings = {
				ASSETCATALOG_COMPILER_APPICON_NAME = AppIcon;
				COMBINE_HIDPI_IMAGES = YES;
				DEVELOPMENT_TEAM = YT2C78F725;
				FRAMEWORK_SEARCH_PATHS = (
					"$(inherited)",
					"$(SYSTEM_LIBRARY_DIR)/PrivateFrameworks",
				);
				INFOPLIST_FILE = "$(SRCROOT)/Shifty/Info.plist";
				LD_RUNPATH_SEARCH_PATHS = "$(inherited) @executable_path/../Frameworks";
				PRODUCT_BUNDLE_IDENTIFIER = "io.natethompson.Night-Shift-Tool";
				PRODUCT_NAME = "$(TARGET_NAME)";
				SWIFT_OBJC_BRIDGING_HEADER = "Shifty/Shifty-Bridging-Header.h";
				SWIFT_VERSION = 3.0;
			};
			name = Debug;
		};
		43CC9E541EBAB19300983528 /* Release */ = {
			isa = XCBuildConfiguration;
			buildSettings = {
				ASSETCATALOG_COMPILER_APPICON_NAME = AppIcon;
				COMBINE_HIDPI_IMAGES = YES;
				DEVELOPMENT_TEAM = YT2C78F725;
				FRAMEWORK_SEARCH_PATHS = (
					"$(inherited)",
					"$(SYSTEM_LIBRARY_DIR)/PrivateFrameworks",
				);
				INFOPLIST_FILE = "$(SRCROOT)/Shifty/Info.plist";
				LD_RUNPATH_SEARCH_PATHS = "$(inherited) @executable_path/../Frameworks";
				PRODUCT_BUNDLE_IDENTIFIER = "io.natethompson.Night-Shift-Tool";
				PRODUCT_NAME = "$(TARGET_NAME)";
				SWIFT_OBJC_BRIDGING_HEADER = "Shifty/Shifty-Bridging-Header.h";
				SWIFT_VERSION = 3.0;
			};
			name = Release;
		};
/* End XCBuildConfiguration section */

/* Begin XCConfigurationList section */
		43CC9E3E1EBAB19300983528 /* Build configuration list for PBXProject "Shifty" */ = {
			isa = XCConfigurationList;
			buildConfigurations = (
				43CC9E501EBAB19300983528 /* Debug */,
				43CC9E511EBAB19300983528 /* Release */,
			);
			defaultConfigurationIsVisible = 0;
			defaultConfigurationName = Release;
		};
		43CC9E521EBAB19300983528 /* Build configuration list for PBXNativeTarget "Shifty" */ = {
			isa = XCConfigurationList;
			buildConfigurations = (
				43CC9E531EBAB19300983528 /* Debug */,
				43CC9E541EBAB19300983528 /* Release */,
			);
			defaultConfigurationIsVisible = 0;
			defaultConfigurationName = Release;
		};
/* End XCConfigurationList section */
	};
	rootObject = 43CC9E3B1EBAB19300983528 /* Project object */;
}
