// !$*UTF8*$!
{
	archiveVersion = 1;
	classes = {
	};
	objectVersion = 46;
	objects = {

/* Begin PBXBuildFile section */
		43041CB4207DB3440076E75C /* SkyLight.framework in Frameworks */ = {isa = PBXBuildFile; fileRef = 43041CB3207DB3440076E75C /* SkyLight.framework */; };
		43041CB6207DB39A0076E75C /* SkyLight.framework in Frameworks */ = {isa = PBXBuildFile; fileRef = 43041CB3207DB3440076E75C /* SkyLight.framework */; };
		43041CC5207DB9FF0076E75C /* CoreBrightness.framework in Frameworks */ = {isa = PBXBuildFile; fileRef = 43041CC4207DB9FF0076E75C /* CoreBrightness.framework */; };
		433AD3011F2CED1F0003FBCD /* dsa_pub.pem in Resources */ = {isa = PBXBuildFile; fileRef = 433AD3001F2CED1F0003FBCD /* dsa_pub.pem */; };
		433AD3081F2D00BD0003FBCD /* Crashlytics.framework in Frameworks */ = {isa = PBXBuildFile; fileRef = 433AD3061F2D00BD0003FBCD /* Crashlytics.framework */; };
		433AD3091F2D00BD0003FBCD /* Fabric.framework in Frameworks */ = {isa = PBXBuildFile; fileRef = 433AD3071F2D00BD0003FBCD /* Fabric.framework */; };
		433E60EC207D9995007BB55F /* BrightnessSystemClient+Shifty.swift in Sources */ = {isa = PBXBuildFile; fileRef = 433E60EA207D9994007BB55F /* BrightnessSystemClient+Shifty.swift */; };
		4350191D1F21E99F0001324F /* CustomTimeWindow.swift in Sources */ = {isa = PBXBuildFile; fileRef = 4350191C1F21E99F0001324F /* CustomTimeWindow.swift */; };
		4351C7811FB5737900788CC9 /* PrefGeneralViewController.swift in Sources */ = {isa = PBXBuildFile; fileRef = 4351C7801FB5737900788CC9 /* PrefGeneralViewController.swift */; };
		435F0384208027C600ABA2EB /* BrowserManager.swift in Sources */ = {isa = PBXBuildFile; fileRef = 435F0383208027C600ABA2EB /* BrowserManager.swift */; };
		4368E3031EBEBA6C00D53310 /* PrefManager.swift in Sources */ = {isa = PBXBuildFile; fileRef = 4368E3021EBEBA6C00D53310 /* PrefManager.swift */; };
		437556B41FF745A6001951AB /* Setup.swift in Sources */ = {isa = PBXBuildFile; fileRef = 437556B31FF745A6001951AB /* Setup.swift */; };
		437556B61FF746BD001951AB /* SlideSegue.swift in Sources */ = {isa = PBXBuildFile; fileRef = 437556B51FF746BD001951AB /* SlideSegue.swift */; };
		437D7E161EC015CB00544FC8 /* SliderView.swift in Sources */ = {isa = PBXBuildFile; fileRef = 437D7E151EC015CB00544FC8 /* SliderView.swift */; };
		4392D8A320C8C06400557EA9 /* SwiftLog.framework in Frameworks */ = {isa = PBXBuildFile; fileRef = 4392D8A220C8C06400557EA9 /* SwiftLog.framework */; };
		4392D8A420C8C06400557EA9 /* SwiftLog.framework in Embed Frameworks */ = {isa = PBXBuildFile; fileRef = 4392D8A220C8C06400557EA9 /* SwiftLog.framework */; settings = {ATTRIBUTES = (CodeSignOnCopy, RemoveHeadersOnCopy, ); }; };
		4392D8A720C8C06C00557EA9 /* Sparkle.framework in Frameworks */ = {isa = PBXBuildFile; fileRef = 4392D8A620C8C06C00557EA9 /* Sparkle.framework */; };
		4392D8A820C8C06C00557EA9 /* Sparkle.framework in Embed Frameworks */ = {isa = PBXBuildFile; fileRef = 4392D8A620C8C06C00557EA9 /* Sparkle.framework */; settings = {ATTRIBUTES = (CodeSignOnCopy, RemoveHeadersOnCopy, ); }; };
		4392D8AA20C8C07300557EA9 /* PublicSuffix.framework in Frameworks */ = {isa = PBXBuildFile; fileRef = 4392D8A920C8C07300557EA9 /* PublicSuffix.framework */; };
		4392D8AB20C8C07300557EA9 /* PublicSuffix.framework in Embed Frameworks */ = {isa = PBXBuildFile; fileRef = 4392D8A920C8C07300557EA9 /* PublicSuffix.framework */; settings = {ATTRIBUTES = (CodeSignOnCopy, RemoveHeadersOnCopy, ); }; };
		4392D8AD20C8C07900557EA9 /* MASShortcut.framework in Frameworks */ = {isa = PBXBuildFile; fileRef = 4392D8AC20C8C07900557EA9 /* MASShortcut.framework */; };
		4392D8AE20C8C07900557EA9 /* MASShortcut.framework in Embed Frameworks */ = {isa = PBXBuildFile; fileRef = 4392D8AC20C8C07900557EA9 /* MASShortcut.framework */; settings = {ATTRIBUTES = (CodeSignOnCopy, RemoveHeadersOnCopy, ); }; };
		4392D8B020C8C07E00557EA9 /* MASPreferences.framework in Frameworks */ = {isa = PBXBuildFile; fileRef = 4392D8AF20C8C07E00557EA9 /* MASPreferences.framework */; };
		4392D8B120C8C07E00557EA9 /* MASPreferences.framework in Embed Frameworks */ = {isa = PBXBuildFile; fileRef = 4392D8AF20C8C07E00557EA9 /* MASPreferences.framework */; settings = {ATTRIBUTES = (CodeSignOnCopy, RemoveHeadersOnCopy, ); }; };
		4392D8B820C8C4C800557EA9 /* AXSwift.framework in Frameworks */ = {isa = PBXBuildFile; fileRef = 4392D8B720C8C4C800557EA9 /* AXSwift.framework */; };
		4392D8B920C8C4C800557EA9 /* AXSwift.framework in Embed Frameworks */ = {isa = PBXBuildFile; fileRef = 4392D8B720C8C4C800557EA9 /* AXSwift.framework */; settings = {ATTRIBUTES = (CodeSignOnCopy, RemoveHeadersOnCopy, ); }; };
		4394DDA91EBE376F00F22908 /* AppDelegate.swift in Sources */ = {isa = PBXBuildFile; fileRef = 4394DDA21EBE376F00F22908 /* AppDelegate.swift */; };
		4394DDAA1EBE376F00F22908 /* Assets.xcassets in Resources */ = {isa = PBXBuildFile; fileRef = 4394DDA31EBE376F00F22908 /* Assets.xcassets */; };
		4394DDAD1EBE376F00F22908 /* StatusMenuController.swift in Sources */ = {isa = PBXBuildFile; fileRef = 4394DDA81EBE376F00F22908 /* StatusMenuController.swift */; };
		43965AC31FC68A19001A076D /* InfoPlist.strings in Resources */ = {isa = PBXBuildFile; fileRef = 43965AC51FC68A19001A076D /* InfoPlist.strings */; };
		43A8E69C2141DF7C00BD3870 /* CBTrueToneClient+Shifty.swift in Sources */ = {isa = PBXBuildFile; fileRef = 43A8E69B2141DF7C00BD3870 /* CBTrueToneClient+Shifty.swift */; };
		43AA23C71FFABCD2001DDF5A /* AccessibilityView.swift in Sources */ = {isa = PBXBuildFile; fileRef = 43AA23C61FFABCD2001DDF5A /* AccessibilityView.swift */; };
		43AA23CE1FFAC69A001DDF5A /* AccessibilityWindow.swift in Sources */ = {isa = PBXBuildFile; fileRef = 43AA23CC1FFAC69A001DDF5A /* AccessibilityWindow.swift */; };
		43AA23CF1FFAC69A001DDF5A /* AccessibilityWindow.xib in Resources */ = {isa = PBXBuildFile; fileRef = 43AA23CD1FFAC69A001DDF5A /* AccessibilityWindow.xib */; };
		43B612581FFC297400724DAE /* AccessibilityView.xib in Resources */ = {isa = PBXBuildFile; fileRef = 43B6125A1FFC297400724DAE /* AccessibilityView.xib */; };
		43B6125D1FFC298200724DAE /* Setup.storyboard in Resources */ = {isa = PBXBuildFile; fileRef = 43B6125F1FFC298200724DAE /* Setup.storyboard */; };
		43B6126C1FFC413A00724DAE /* Localizable.stringsdict in Resources */ = {isa = PBXBuildFile; fileRef = 43B6126A1FFC413A00724DAE /* Localizable.stringsdict */; };
		43B9DE151FB5924F002C4C29 /* PrefShortcutsViewController.swift in Sources */ = {isa = PBXBuildFile; fileRef = 43B9DE131FB5924F002C4C29 /* PrefShortcutsViewController.swift */; };
		43B9DE1B1FB592AE002C4C29 /* PrefAboutViewController.swift in Sources */ = {isa = PBXBuildFile; fileRef = 43B9DE191FB592AE002C4C29 /* PrefAboutViewController.swift */; };
		43C0838C1F19AEF900E73B84 /* ServiceManagement.framework in Frameworks */ = {isa = PBXBuildFile; fileRef = 43C0838B1F19AEF900E73B84 /* ServiceManagement.framework */; };
		43C7A4881F19F2CB00A697C0 /* AppDelegate.swift in Sources */ = {isa = PBXBuildFile; fileRef = 43C7A4871F19F2CB00A697C0 /* AppDelegate.swift */; };
		43C7A48C1F19F2CB00A697C0 /* Assets.xcassets in Resources */ = {isa = PBXBuildFile; fileRef = 43C7A48B1F19F2CB00A697C0 /* Assets.xcassets */; };
		43C7A4941F19FA9600A697C0 /* ShiftyHelper.app in CopyFiles */ = {isa = PBXBuildFile; fileRef = 43C7A4851F19F2CB00A697C0 /* ShiftyHelper.app */; settings = {ATTRIBUTES = (RemoveHeadersOnCopy, ); }; };
		43CE525A20379A16002EBF61 /* Event.swift in Sources */ = {isa = PBXBuildFile; fileRef = 43CE525920379A16002EBF61 /* Event.swift */; };
		43CE525C2037B720002EBF61 /* ScriptingBridge.swift in Sources */ = {isa = PBXBuildFile; fileRef = 43CE525B2037B720002EBF61 /* ScriptingBridge.swift */; };
		43D5C2161FC2CA1300AF88E0 /* PrefGeneralViewController.xib in Resources */ = {isa = PBXBuildFile; fileRef = 43D5C2181FC2CA1300AF88E0 /* PrefGeneralViewController.xib */; };
		43D5C21B1FC2CAC300AF88E0 /* PrefShortcutsViewController.xib in Resources */ = {isa = PBXBuildFile; fileRef = 43D5C21D1FC2CAC300AF88E0 /* PrefShortcutsViewController.xib */; };
		43D5C21E1FC2CACA00AF88E0 /* PrefAboutViewController.xib in Resources */ = {isa = PBXBuildFile; fileRef = 43D5C2201FC2CACA00AF88E0 /* PrefAboutViewController.xib */; };
		43D5C2211FC2CACF00AF88E0 /* CustomTimeWindow.xib in Resources */ = {isa = PBXBuildFile; fileRef = 43D5C2231FC2CACF00AF88E0 /* CustomTimeWindow.xib */; };
		43D5C2301FC2CECC00AF88E0 /* Localizable.strings in Resources */ = {isa = PBXBuildFile; fileRef = 43D5C2321FC2CECC00AF88E0 /* Localizable.strings */; };
		43D5C2391FC35FB500AF88E0 /* MainMenu.xib in Resources */ = {isa = PBXBuildFile; fileRef = 43D5C2381FC35FB500AF88E0 /* MainMenu.xib */; };
		43F971B62156CA80001DBD45 /* AnalyticsDetailView.xib in Resources */ = {isa = PBXBuildFile; fileRef = 43F971B52156CA80001DBD45 /* AnalyticsDetailView.xib */; };
		43F971B82156DD24001DBD45 /* AnalyticsDetailViewController.swift in Sources */ = {isa = PBXBuildFile; fileRef = 43F971B72156DD24001DBD45 /* AnalyticsDetailViewController.swift */; };
		43FC498C1FF8936F00CD3196 /* credits.rtfd in Resources */ = {isa = PBXBuildFile; fileRef = 43FC498B1FF8936E00CD3196 /* credits.rtfd */; };
		4960957E200EB9CD00D966CA /* RuleManager.swift in Sources */ = {isa = PBXBuildFile; fileRef = 4960957D200EB9CD00D966CA /* RuleManager.swift */; };
		497B2395200B576700669DDE /* NightShiftManager.swift in Sources */ = {isa = PBXBuildFile; fileRef = 497B2392200B576700669DDE /* NightShiftManager.swift */; };
		497B2396200B576700669DDE /* NotificationName+Shifty.swift in Sources */ = {isa = PBXBuildFile; fileRef = 497B2393200B576700669DDE /* NotificationName+Shifty.swift */; };
/* End PBXBuildFile section */

/* Begin PBXCopyFilesBuildPhase section */
		4392D8A520C8C06400557EA9 /* Embed Frameworks */ = {
			isa = PBXCopyFilesBuildPhase;
			buildActionMask = 2147483647;
			dstPath = "";
			dstSubfolderSpec = 10;
			files = (
				4392D8AB20C8C07300557EA9 /* PublicSuffix.framework in Embed Frameworks */,
				4392D8B920C8C4C800557EA9 /* AXSwift.framework in Embed Frameworks */,
				4392D8A420C8C06400557EA9 /* SwiftLog.framework in Embed Frameworks */,
				4392D8B120C8C07E00557EA9 /* MASPreferences.framework in Embed Frameworks */,
				4392D8AE20C8C07900557EA9 /* MASShortcut.framework in Embed Frameworks */,
				4392D8A820C8C06C00557EA9 /* Sparkle.framework in Embed Frameworks */,
			);
			name = "Embed Frameworks";
			runOnlyForDeploymentPostprocessing = 0;
		};
		43C083891F19AEA600E73B84 /* CopyFiles */ = {
			isa = PBXCopyFilesBuildPhase;
			buildActionMask = 2147483647;
			dstPath = Contents/Library/LoginItems;
			dstSubfolderSpec = 1;
			files = (
				43C7A4941F19FA9600A697C0 /* ShiftyHelper.app in CopyFiles */,
			);
			runOnlyForDeploymentPostprocessing = 0;
		};
/* End PBXCopyFilesBuildPhase section */

/* Begin PBXFileReference section */
		43041CB3207DB3440076E75C /* SkyLight.framework */ = {isa = PBXFileReference; lastKnownFileType = wrapper.framework; path = SkyLight.framework; sourceTree = "<group>"; };
		43041CC4207DB9FF0076E75C /* CoreBrightness.framework */ = {isa = PBXFileReference; lastKnownFileType = wrapper.framework; name = CoreBrightness.framework; path = Platforms/MacOSX.platform/Developer/SDKs/MacOSX.sdk/System/Library/PrivateFrameworks/CoreBrightness.framework; sourceTree = DEVELOPER_DIR; };
		43099BA81FC67B5000A0720B /* zh-Hans */ = {isa = PBXFileReference; lastKnownFileType = text.plist.strings; name = "zh-Hans"; path = "zh-Hans.lproj/CustomTimeWindow.strings"; sourceTree = "<group>"; };
		43099BA91FC67B5100A0720B /* zh-Hans */ = {isa = PBXFileReference; lastKnownFileType = text.plist.strings; name = "zh-Hans"; path = "zh-Hans.lproj/PrefGeneralViewController.strings"; sourceTree = "<group>"; };
		43099BAA1FC67B5100A0720B /* zh-Hans */ = {isa = PBXFileReference; lastKnownFileType = text.plist.strings; name = "zh-Hans"; path = "zh-Hans.lproj/PrefShortcutsViewController.strings"; sourceTree = "<group>"; };
		43099BAB1FC67B5100A0720B /* zh-Hans */ = {isa = PBXFileReference; lastKnownFileType = text.plist.strings; name = "zh-Hans"; path = "zh-Hans.lproj/PrefAboutViewController.strings"; sourceTree = "<group>"; };
		43099BAD1FC67B5C00A0720B /* zh-Hans */ = {isa = PBXFileReference; lastKnownFileType = text.plist.strings; name = "zh-Hans"; path = "zh-Hans.lproj/Localizable.strings"; sourceTree = "<group>"; };
		433AD3001F2CED1F0003FBCD /* dsa_pub.pem */ = {isa = PBXFileReference; fileEncoding = 4; lastKnownFileType = text; name = dsa_pub.pem; path = Shifty/dsa_pub.pem; sourceTree = "<group>"; };
		433AD3061F2D00BD0003FBCD /* Crashlytics.framework */ = {isa = PBXFileReference; lastKnownFileType = wrapper.framework; path = Crashlytics.framework; sourceTree = "<group>"; };
		433AD3071F2D00BD0003FBCD /* Fabric.framework */ = {isa = PBXFileReference; lastKnownFileType = wrapper.framework; path = Fabric.framework; sourceTree = "<group>"; };
		433E60EA207D9994007BB55F /* BrightnessSystemClient+Shifty.swift */ = {isa = PBXFileReference; fileEncoding = 4; lastKnownFileType = sourcecode.swift; name = "BrightnessSystemClient+Shifty.swift"; path = "Shifty/BrightnessSystemClient+Shifty.swift"; sourceTree = "<group>"; };
		433E60EB207D9995007BB55F /* BrightnessSystemClient.h */ = {isa = PBXFileReference; fileEncoding = 4; lastKnownFileType = sourcecode.c.h; name = BrightnessSystemClient.h; path = Shifty/BrightnessSystemClient.h; sourceTree = "<group>"; };
		4350191C1F21E99F0001324F /* CustomTimeWindow.swift */ = {isa = PBXFileReference; fileEncoding = 4; lastKnownFileType = sourcecode.swift; name = CustomTimeWindow.swift; path = Shifty/CustomTimeWindow.swift; sourceTree = "<group>"; };
		4351C7801FB5737900788CC9 /* PrefGeneralViewController.swift */ = {isa = PBXFileReference; lastKnownFileType = sourcecode.swift; name = PrefGeneralViewController.swift; path = Shifty/PrefGeneralViewController.swift; sourceTree = "<group>"; };
		435F0383208027C600ABA2EB /* BrowserManager.swift */ = {isa = PBXFileReference; fileEncoding = 4; lastKnownFileType = sourcecode.swift; name = BrowserManager.swift; path = Shifty/BrowserManager.swift; sourceTree = "<group>"; };
		4368E3021EBEBA6C00D53310 /* PrefManager.swift */ = {isa = PBXFileReference; fileEncoding = 4; lastKnownFileType = sourcecode.swift; name = PrefManager.swift; path = Shifty/PrefManager.swift; sourceTree = "<group>"; };
		436A0F3C1FBE913600E77D41 /* ShiftyAppcast.xml */ = {isa = PBXFileReference; fileEncoding = 4; lastKnownFileType = text.xml; path = ShiftyAppcast.xml; sourceTree = "<group>"; };
		437556B31FF745A6001951AB /* Setup.swift */ = {isa = PBXFileReference; fileEncoding = 4; lastKnownFileType = sourcecode.swift; name = Setup.swift; path = Shifty/Setup.swift; sourceTree = "<group>"; };
		437556B51FF746BD001951AB /* SlideSegue.swift */ = {isa = PBXFileReference; lastKnownFileType = sourcecode.swift; name = SlideSegue.swift; path = Shifty/SlideSegue.swift; sourceTree = "<group>"; };
		437D7E151EC015CB00544FC8 /* SliderView.swift */ = {isa = PBXFileReference; fileEncoding = 4; lastKnownFileType = sourcecode.swift; name = SliderView.swift; path = Shifty/SliderView.swift; sourceTree = "<group>"; };
		4392D8A220C8C06400557EA9 /* SwiftLog.framework */ = {isa = PBXFileReference; explicitFileType = wrapper.framework; path = SwiftLog.framework; sourceTree = BUILT_PRODUCTS_DIR; };
		4392D8A620C8C06C00557EA9 /* Sparkle.framework */ = {isa = PBXFileReference; explicitFileType = wrapper.framework; path = Sparkle.framework; sourceTree = BUILT_PRODUCTS_DIR; };
		4392D8A920C8C07300557EA9 /* PublicSuffix.framework */ = {isa = PBXFileReference; explicitFileType = wrapper.framework; path = PublicSuffix.framework; sourceTree = BUILT_PRODUCTS_DIR; };
		4392D8AC20C8C07900557EA9 /* MASShortcut.framework */ = {isa = PBXFileReference; explicitFileType = wrapper.framework; path = MASShortcut.framework; sourceTree = BUILT_PRODUCTS_DIR; };
		4392D8AF20C8C07E00557EA9 /* MASPreferences.framework */ = {isa = PBXFileReference; explicitFileType = wrapper.framework; path = MASPreferences.framework; sourceTree = BUILT_PRODUCTS_DIR; };
		4392D8B720C8C4C800557EA9 /* AXSwift.framework */ = {isa = PBXFileReference; explicitFileType = wrapper.framework; path = AXSwift.framework; sourceTree = BUILT_PRODUCTS_DIR; };
		4394DDA21EBE376F00F22908 /* AppDelegate.swift */ = {isa = PBXFileReference; fileEncoding = 4; lastKnownFileType = sourcecode.swift; name = AppDelegate.swift; path = Shifty/AppDelegate.swift; sourceTree = "<group>"; };
		4394DDA31EBE376F00F22908 /* Assets.xcassets */ = {isa = PBXFileReference; lastKnownFileType = folder.assetcatalog; name = Assets.xcassets; path = Shifty/Assets.xcassets; sourceTree = "<group>"; };
		4394DDA41EBE376F00F22908 /* CBBlueLightClient.h */ = {isa = PBXFileReference; fileEncoding = 4; lastKnownFileType = sourcecode.c.h; name = CBBlueLightClient.h; path = Shifty/CBBlueLightClient.h; sourceTree = "<group>"; };
		4394DDA81EBE376F00F22908 /* StatusMenuController.swift */ = {isa = PBXFileReference; fileEncoding = 4; lastKnownFileType = sourcecode.swift; name = StatusMenuController.swift; path = Shifty/StatusMenuController.swift; sourceTree = "<group>"; };
		4394DDAE1EBE379900F22908 /* Shifty-Bridging-Header.h */ = {isa = PBXFileReference; lastKnownFileType = sourcecode.c.h; name = "Shifty-Bridging-Header.h"; path = "Shifty/Shifty-Bridging-Header.h"; sourceTree = "<group>"; };
		43965AC41FC68A19001A076D /* en */ = {isa = PBXFileReference; lastKnownFileType = text.plist.strings; name = en; path = en.lproj/InfoPlist.strings; sourceTree = "<group>"; };
		43965AC61FC68A1B001A076D /* zh-Hans */ = {isa = PBXFileReference; lastKnownFileType = text.plist.strings; name = "zh-Hans"; path = "zh-Hans.lproj/InfoPlist.strings"; sourceTree = "<group>"; };
		43A8E69B2141DF7C00BD3870 /* CBTrueToneClient+Shifty.swift */ = {isa = PBXFileReference; fileEncoding = 4; lastKnownFileType = sourcecode.swift; name = "CBTrueToneClient+Shifty.swift"; path = "Shifty/CBTrueToneClient+Shifty.swift"; sourceTree = "<group>"; };
		43AA23C61FFABCD2001DDF5A /* AccessibilityView.swift */ = {isa = PBXFileReference; lastKnownFileType = sourcecode.swift; name = AccessibilityView.swift; path = Shifty/AccessibilityView.swift; sourceTree = "<group>"; };
		43AA23CC1FFAC69A001DDF5A /* AccessibilityWindow.swift */ = {isa = PBXFileReference; lastKnownFileType = sourcecode.swift; name = AccessibilityWindow.swift; path = Shifty/AccessibilityWindow.swift; sourceTree = "<group>"; };
		43AA23CD1FFAC69A001DDF5A /* AccessibilityWindow.xib */ = {isa = PBXFileReference; lastKnownFileType = file.xib; name = AccessibilityWindow.xib; path = Shifty/AccessibilityWindow.xib; sourceTree = "<group>"; };
		43B612591FFC297400724DAE /* Base */ = {isa = PBXFileReference; lastKnownFileType = file.xib; name = Base; path = Base.lproj/AccessibilityView.xib; sourceTree = "<group>"; };
		43B6125C1FFC297B00724DAE /* zh-Hans */ = {isa = PBXFileReference; lastKnownFileType = text.plist.strings; name = "zh-Hans"; path = "zh-Hans.lproj/AccessibilityView.strings"; sourceTree = "<group>"; };
		43B6125E1FFC298200724DAE /* Base */ = {isa = PBXFileReference; lastKnownFileType = file.storyboard; name = Base; path = Base.lproj/Setup.storyboard; sourceTree = "<group>"; };
		43B612611FFC298400724DAE /* zh-Hans */ = {isa = PBXFileReference; lastKnownFileType = text.plist.strings; name = "zh-Hans"; path = "zh-Hans.lproj/Setup.strings"; sourceTree = "<group>"; };
		43B6126B1FFC413A00724DAE /* en */ = {isa = PBXFileReference; lastKnownFileType = text.plist.stringsdict; name = en; path = Shifty/en.lproj/Localizable.stringsdict; sourceTree = "<group>"; };
		43B6126D1FFC4B6300724DAE /* zh-Hans */ = {isa = PBXFileReference; lastKnownFileType = text.plist.stringsdict; name = "zh-Hans"; path = "Shifty/zh-Hans.lproj/Localizable.stringsdict"; sourceTree = "<group>"; };
		43B9DE131FB5924F002C4C29 /* PrefShortcutsViewController.swift */ = {isa = PBXFileReference; lastKnownFileType = sourcecode.swift; name = PrefShortcutsViewController.swift; path = Shifty/PrefShortcutsViewController.swift; sourceTree = "<group>"; };
		43B9DE191FB592AE002C4C29 /* PrefAboutViewController.swift */ = {isa = PBXFileReference; lastKnownFileType = sourcecode.swift; name = PrefAboutViewController.swift; path = Shifty/PrefAboutViewController.swift; sourceTree = "<group>"; };
		43C0838B1F19AEF900E73B84 /* ServiceManagement.framework */ = {isa = PBXFileReference; lastKnownFileType = wrapper.framework; name = ServiceManagement.framework; path = System/Library/Frameworks/ServiceManagement.framework; sourceTree = SDKROOT; };
		43C0838D1F19BA6900E73B84 /* Shifty.entitlements */ = {isa = PBXFileReference; lastKnownFileType = text.plist.entitlements; name = Shifty.entitlements; path = Shifty/Shifty.entitlements; sourceTree = "<group>"; };
		43C7A4851F19F2CB00A697C0 /* ShiftyHelper.app */ = {isa = PBXFileReference; explicitFileType = wrapper.application; includeInIndex = 0; path = ShiftyHelper.app; sourceTree = BUILT_PRODUCTS_DIR; };
		43C7A4871F19F2CB00A697C0 /* AppDelegate.swift */ = {isa = PBXFileReference; lastKnownFileType = sourcecode.swift; path = AppDelegate.swift; sourceTree = "<group>"; };
		43C7A48B1F19F2CB00A697C0 /* Assets.xcassets */ = {isa = PBXFileReference; lastKnownFileType = folder.assetcatalog; path = Assets.xcassets; sourceTree = "<group>"; };
		43C7A4901F19F2CB00A697C0 /* Info.plist */ = {isa = PBXFileReference; lastKnownFileType = text.plist.xml; path = Info.plist; sourceTree = "<group>"; };
		43C7A4951F19FE1A00A697C0 /* ShiftyHelper.entitlements */ = {isa = PBXFileReference; lastKnownFileType = text.plist.entitlements; path = ShiftyHelper.entitlements; sourceTree = "<group>"; };
		43CC9E431EBAB19300983528 /* Shifty.app */ = {isa = PBXFileReference; explicitFileType = wrapper.application; includeInIndex = 0; path = Shifty.app; sourceTree = BUILT_PRODUCTS_DIR; };
		43CE525920379A16002EBF61 /* Event.swift */ = {isa = PBXFileReference; fileEncoding = 4; lastKnownFileType = sourcecode.swift; name = Event.swift; path = Shifty/Event.swift; sourceTree = "<group>"; };
		43CE525B2037B720002EBF61 /* ScriptingBridge.swift */ = {isa = PBXFileReference; fileEncoding = 4; lastKnownFileType = sourcecode.swift; name = ScriptingBridge.swift; path = Shifty/ScriptingBridge.swift; sourceTree = "<group>"; };
		43D5C2171FC2CA1300AF88E0 /* Base */ = {isa = PBXFileReference; lastKnownFileType = file.xib; name = Base; path = Base.lproj/PrefGeneralViewController.xib; sourceTree = "<group>"; };
		43D5C21C1FC2CAC300AF88E0 /* Base */ = {isa = PBXFileReference; lastKnownFileType = file.xib; name = Base; path = Base.lproj/PrefShortcutsViewController.xib; sourceTree = "<group>"; };
		43D5C21F1FC2CACA00AF88E0 /* Base */ = {isa = PBXFileReference; lastKnownFileType = file.xib; name = Base; path = Base.lproj/PrefAboutViewController.xib; sourceTree = "<group>"; };
		43D5C2221FC2CACF00AF88E0 /* Base */ = {isa = PBXFileReference; lastKnownFileType = file.xib; name = Base; path = Base.lproj/CustomTimeWindow.xib; sourceTree = "<group>"; };
		43D5C2311FC2CECC00AF88E0 /* en */ = {isa = PBXFileReference; lastKnownFileType = text.plist.strings; name = en; path = en.lproj/Localizable.strings; sourceTree = "<group>"; };
		43D5C2381FC35FB500AF88E0 /* MainMenu.xib */ = {isa = PBXFileReference; fileEncoding = 4; lastKnownFileType = file.xib; name = MainMenu.xib; path = Shifty/MainMenu.xib; sourceTree = "<group>"; };
		43D5C2441FC3A9A100AF88E0 /* Info.plist */ = {isa = PBXFileReference; fileEncoding = 4; lastKnownFileType = text.plist.xml; name = Info.plist; path = Shifty/Info.plist; sourceTree = "<group>"; };
		43F71DB0213F48DA004F7E2B /* CBTrueToneClient.h */ = {isa = PBXFileReference; lastKnownFileType = sourcecode.c.h; name = CBTrueToneClient.h; path = Shifty/CBTrueToneClient.h; sourceTree = "<group>"; };
		43F971B52156CA80001DBD45 /* AnalyticsDetailView.xib */ = {isa = PBXFileReference; fileEncoding = 4; lastKnownFileType = file.xib; name = AnalyticsDetailView.xib; path = Shifty/AnalyticsDetailView.xib; sourceTree = "<group>"; };
		43F971B72156DD24001DBD45 /* AnalyticsDetailViewController.swift */ = {isa = PBXFileReference; fileEncoding = 4; lastKnownFileType = sourcecode.swift; name = AnalyticsDetailViewController.swift; path = Shifty/AnalyticsDetailViewController.swift; sourceTree = "<group>"; };
		43FC498B1FF8936E00CD3196 /* credits.rtfd */ = {isa = PBXFileReference; lastKnownFileType = wrapper.rtfd; path = credits.rtfd; sourceTree = "<group>"; };
		4960957D200EB9CD00D966CA /* RuleManager.swift */ = {isa = PBXFileReference; fileEncoding = 4; lastKnownFileType = sourcecode.swift; name = RuleManager.swift; path = Shifty/RuleManager.swift; sourceTree = "<group>"; };
		497B2392200B576700669DDE /* NightShiftManager.swift */ = {isa = PBXFileReference; fileEncoding = 4; lastKnownFileType = sourcecode.swift; name = NightShiftManager.swift; path = Shifty/NightShiftManager.swift; sourceTree = "<group>"; };
		497B2393200B576700669DDE /* NotificationName+Shifty.swift */ = {isa = PBXFileReference; fileEncoding = 4; lastKnownFileType = sourcecode.swift; name = "NotificationName+Shifty.swift"; path = "Shifty/NotificationName+Shifty.swift"; sourceTree = "<group>"; };
/* End PBXFileReference section */

/* Begin PBXFrameworksBuildPhase section */
		43C7A4821F19F2CB00A697C0 /* Frameworks */ = {
			isa = PBXFrameworksBuildPhase;
			buildActionMask = 2147483647;
			files = (
				43041CB6207DB39A0076E75C /* SkyLight.framework in Frameworks */,
			);
			runOnlyForDeploymentPostprocessing = 0;
		};
		43CC9E401EBAB19300983528 /* Frameworks */ = {
			isa = PBXFrameworksBuildPhase;
			buildActionMask = 2147483647;
			files = (
				43C0838C1F19AEF900E73B84 /* ServiceManagement.framework in Frameworks */,
				4392D8B820C8C4C800557EA9 /* AXSwift.framework in Frameworks */,
				433AD3091F2D00BD0003FBCD /* Fabric.framework in Frameworks */,
				433AD3081F2D00BD0003FBCD /* Crashlytics.framework in Frameworks */,
				4392D8AD20C8C07900557EA9 /* MASShortcut.framework in Frameworks */,
				4392D8A720C8C06C00557EA9 /* Sparkle.framework in Frameworks */,
				43041CC5207DB9FF0076E75C /* CoreBrightness.framework in Frameworks */,
				43041CB4207DB3440076E75C /* SkyLight.framework in Frameworks */,
				4392D8B020C8C07E00557EA9 /* MASPreferences.framework in Frameworks */,
				4392D8AA20C8C07300557EA9 /* PublicSuffix.framework in Frameworks */,
				4392D8A320C8C06400557EA9 /* SwiftLog.framework in Frameworks */,
			);
			runOnlyForDeploymentPostprocessing = 0;
		};
/* End PBXFrameworksBuildPhase section */

/* Begin PBXGroup section */
		433EE8501EBD8ECA007EA870 /* Frameworks */ = {
			isa = PBXGroup;
			children = (
				43041CC4207DB9FF0076E75C /* CoreBrightness.framework */,
				43041CB3207DB3440076E75C /* SkyLight.framework */,
				43C0838B1F19AEF900E73B84 /* ServiceManagement.framework */,
			);
			name = Frameworks;
			sourceTree = "<group>";
		};
		4351C77D1FB5731B00788CC9 /* Preferences */ = {
			isa = PBXGroup;
			children = (
				4368E3021EBEBA6C00D53310 /* PrefManager.swift */,
				4351C7801FB5737900788CC9 /* PrefGeneralViewController.swift */,
				43D5C2181FC2CA1300AF88E0 /* PrefGeneralViewController.xib */,
				43B9DE131FB5924F002C4C29 /* PrefShortcutsViewController.swift */,
				43D5C21D1FC2CAC300AF88E0 /* PrefShortcutsViewController.xib */,
				43B9DE191FB592AE002C4C29 /* PrefAboutViewController.swift */,
				43D5C2201FC2CACA00AF88E0 /* PrefAboutViewController.xib */,
			);
			name = Preferences;
			sourceTree = "<group>";
		};
		436A0F391FBE90BF00E77D41 /* Utils */ = {
			isa = PBXGroup;
			children = (
				43C0838D1F19BA6900E73B84 /* Shifty.entitlements */,
				4394DDAE1EBE379900F22908 /* Shifty-Bridging-Header.h */,
				4394DDA41EBE376F00F22908 /* CBBlueLightClient.h */,
				43F71DB0213F48DA004F7E2B /* CBTrueToneClient.h */,
				43A8E69B2141DF7C00BD3870 /* CBTrueToneClient+Shifty.swift */,
				433E60EB207D9995007BB55F /* BrightnessSystemClient.h */,
				433E60EA207D9994007BB55F /* BrightnessSystemClient+Shifty.swift */,
				497B2393200B576700669DDE /* NotificationName+Shifty.swift */,
				43CE525920379A16002EBF61 /* Event.swift */,
				437556B51FF746BD001951AB /* SlideSegue.swift */,
				43CE525B2037B720002EBF61 /* ScriptingBridge.swift */,
				435F0383208027C600ABA2EB /* BrowserManager.swift */,
				4960957D200EB9CD00D966CA /* RuleManager.swift */,
				497B2392200B576700669DDE /* NightShiftManager.swift */,
			);
			name = Utils;
			sourceTree = "<group>";
		};
		436A0F3A1FBE90F000E77D41 /* Controllers */ = {
			isa = PBXGroup;
			children = (
				4394DDA21EBE376F00F22908 /* AppDelegate.swift */,
				4394DDA81EBE376F00F22908 /* StatusMenuController.swift */,
				437D7E151EC015CB00544FC8 /* SliderView.swift */,
				43D5C2381FC35FB500AF88E0 /* MainMenu.xib */,
				4350191C1F21E99F0001324F /* CustomTimeWindow.swift */,
				43D5C2231FC2CACF00AF88E0 /* CustomTimeWindow.xib */,
				43AA23CC1FFAC69A001DDF5A /* AccessibilityWindow.swift */,
				43AA23CD1FFAC69A001DDF5A /* AccessibilityWindow.xib */,
				43AA23C61FFABCD2001DDF5A /* AccessibilityView.swift */,
				43B6125A1FFC297400724DAE /* AccessibilityView.xib */,
				43F971B72156DD24001DBD45 /* AnalyticsDetailViewController.swift */,
				43F971B52156CA80001DBD45 /* AnalyticsDetailView.xib */,
				437556B31FF745A6001951AB /* Setup.swift */,
				43B6125F1FFC298200724DAE /* Setup.storyboard */,
			);
			name = Controllers;
			sourceTree = "<group>";
		};
		436A0F3B1FBE911200E77D41 /* Assets */ = {
			isa = PBXGroup;
			children = (
				4394DDA31EBE376F00F22908 /* Assets.xcassets */,
				43FC498B1FF8936E00CD3196 /* credits.rtfd */,
				433AD3001F2CED1F0003FBCD /* dsa_pub.pem */,
				43D5C2441FC3A9A100AF88E0 /* Info.plist */,
				43965AC51FC68A19001A076D /* InfoPlist.strings */,
				43D5C2321FC2CECC00AF88E0 /* Localizable.strings */,
				43B6126A1FFC413A00724DAE /* Localizable.stringsdict */,
				436A0F3C1FBE913600E77D41 /* ShiftyAppcast.xml */,
				433AD3061F2D00BD0003FBCD /* Crashlytics.framework */,
				433AD3071F2D00BD0003FBCD /* Fabric.framework */,
			);
			name = Assets;
			sourceTree = "<group>";
		};
		4394DDA11EBE375300F22908 /* Shifty */ = {
			isa = PBXGroup;
			children = (
				436A0F3B1FBE911200E77D41 /* Assets */,
				436A0F391FBE90BF00E77D41 /* Utils */,
				436A0F3A1FBE90F000E77D41 /* Controllers */,
				4351C77D1FB5731B00788CC9 /* Preferences */,
			);
			name = Shifty;
			sourceTree = "<group>";
		};
		43C7A4861F19F2CB00A697C0 /* ShiftyHelper */ = {
			isa = PBXGroup;
			children = (
				43C7A4951F19FE1A00A697C0 /* ShiftyHelper.entitlements */,
				43C7A4871F19F2CB00A697C0 /* AppDelegate.swift */,
				43C7A48B1F19F2CB00A697C0 /* Assets.xcassets */,
				43C7A4901F19F2CB00A697C0 /* Info.plist */,
			);
			path = ShiftyHelper;
			sourceTree = "<group>";
		};
		43CC9E3A1EBAB19300983528 = {
			isa = PBXGroup;
			children = (
				4394DDA11EBE375300F22908 /* Shifty */,
				43C7A4861F19F2CB00A697C0 /* ShiftyHelper */,
				43CC9E441EBAB19300983528 /* Products */,
				433EE8501EBD8ECA007EA870 /* Frameworks */,
				4392D8B720C8C4C800557EA9 /* AXSwift.framework */,
				4392D8AF20C8C07E00557EA9 /* MASPreferences.framework */,
				4392D8AC20C8C07900557EA9 /* MASShortcut.framework */,
				4392D8A920C8C07300557EA9 /* PublicSuffix.framework */,
				4392D8A620C8C06C00557EA9 /* Sparkle.framework */,
				4392D8A220C8C06400557EA9 /* SwiftLog.framework */,
			);
			sourceTree = "<group>";
			usesTabs = 0;
		};
		43CC9E441EBAB19300983528 /* Products */ = {
			isa = PBXGroup;
			children = (
				43CC9E431EBAB19300983528 /* Shifty.app */,
				43C7A4851F19F2CB00A697C0 /* ShiftyHelper.app */,
			);
			name = Products;
			sourceTree = "<group>";
		};
/* End PBXGroup section */

/* Begin PBXNativeTarget section */
		43C7A4841F19F2CB00A697C0 /* ShiftyHelper */ = {
			isa = PBXNativeTarget;
			buildConfigurationList = 43C7A4911F19F2CB00A697C0 /* Build configuration list for PBXNativeTarget "ShiftyHelper" */;
			buildPhases = (
				43C7A4811F19F2CB00A697C0 /* Sources */,
				43C7A4821F19F2CB00A697C0 /* Frameworks */,
				43C7A4831F19F2CB00A697C0 /* Resources */,
			);
			buildRules = (
			);
			dependencies = (
			);
			name = ShiftyHelper;
			productName = ShiftyHelper;
			productReference = 43C7A4851F19F2CB00A697C0 /* ShiftyHelper.app */;
			productType = "com.apple.product-type.application";
		};
		43CC9E421EBAB19300983528 /* Shifty */ = {
			isa = PBXNativeTarget;
			buildConfigurationList = 43CC9E521EBAB19300983528 /* Build configuration list for PBXNativeTarget "Shifty" */;
			buildPhases = (
				43CC9E3F1EBAB19300983528 /* Sources */,
				43CC9E401EBAB19300983528 /* Frameworks */,
				43CC9E411EBAB19300983528 /* Resources */,
				43C083891F19AEA600E73B84 /* CopyFiles */,
				43B547EB1F299A950034E779 /* ShellScript */,
				4392D8A520C8C06400557EA9 /* Embed Frameworks */,
			);
			buildRules = (
			);
			dependencies = (
			);
			name = Shifty;
			productName = "Night-Shift-Tool";
			productReference = 43CC9E431EBAB19300983528 /* Shifty.app */;
			productType = "com.apple.product-type.application";
		};
/* End PBXNativeTarget section */

/* Begin PBXProject section */
		43CC9E3B1EBAB19300983528 /* Project object */ = {
			isa = PBXProject;
			attributes = {
				LastSwiftUpdateCheck = 0830;
				LastUpgradeCheck = 0930;
				TargetAttributes = {
					43C7A4841F19F2CB00A697C0 = {
						CreatedOnToolsVersion = 8.3.2;
						DevelopmentTeam = 3Q7XKEDZ36;
						LastSwiftMigration = 1000;
						ProvisioningStyle = Automatic;
						SystemCapabilities = {
							com.apple.Sandbox = {
								enabled = 0;
							};
						};
					};
					43CC9E421EBAB19300983528 = {
						CreatedOnToolsVersion = 8.3.1;
						DevelopmentTeam = 3Q7XKEDZ36;
						LastSwiftMigration = 1000;
						ProvisioningStyle = Automatic;
						SystemCapabilities = {
							com.apple.HardenedRuntime = {
								enabled = 1;
							};
							com.apple.Sandbox = {
								enabled = 0;
							};
						};
					};
				};
			};
			buildConfigurationList = 43CC9E3E1EBAB19300983528 /* Build configuration list for PBXProject "Shifty" */;
			compatibilityVersion = "Xcode 3.2";
			developmentRegion = English;
			hasScannedForEncodings = 0;
			knownRegions = (
				en,
				Base,
				"zh-Hans",
			);
			mainGroup = 43CC9E3A1EBAB19300983528;
			productRefGroup = 43CC9E441EBAB19300983528 /* Products */;
			projectDirPath = "";
			projectRoot = "";
			targets = (
				43CC9E421EBAB19300983528 /* Shifty */,
				43C7A4841F19F2CB00A697C0 /* ShiftyHelper */,
			);
		};
/* End PBXProject section */

/* Begin PBXResourcesBuildPhase section */
		43C7A4831F19F2CB00A697C0 /* Resources */ = {
			isa = PBXResourcesBuildPhase;
			buildActionMask = 2147483647;
			files = (
				43C7A48C1F19F2CB00A697C0 /* Assets.xcassets in Resources */,
			);
			runOnlyForDeploymentPostprocessing = 0;
		};
		43CC9E411EBAB19300983528 /* Resources */ = {
			isa = PBXResourcesBuildPhase;
			buildActionMask = 2147483647;
			files = (
				43B6125D1FFC298200724DAE /* Setup.storyboard in Resources */,
				43FC498C1FF8936F00CD3196 /* credits.rtfd in Resources */,
				43D5C2161FC2CA1300AF88E0 /* PrefGeneralViewController.xib in Resources */,
				43AA23CF1FFAC69A001DDF5A /* AccessibilityWindow.xib in Resources */,
				433AD3011F2CED1F0003FBCD /* dsa_pub.pem in Resources */,
				4394DDAA1EBE376F00F22908 /* Assets.xcassets in Resources */,
				43B612581FFC297400724DAE /* AccessibilityView.xib in Resources */,
				43D5C2301FC2CECC00AF88E0 /* Localizable.strings in Resources */,
				43D5C21E1FC2CACA00AF88E0 /* PrefAboutViewController.xib in Resources */,
				43D5C2211FC2CACF00AF88E0 /* CustomTimeWindow.xib in Resources */,
				43F971B62156CA80001DBD45 /* AnalyticsDetailView.xib in Resources */,
				43D5C21B1FC2CAC300AF88E0 /* PrefShortcutsViewController.xib in Resources */,
				43D5C2391FC35FB500AF88E0 /* MainMenu.xib in Resources */,
				43965AC31FC68A19001A076D /* InfoPlist.strings in Resources */,
				43B6126C1FFC413A00724DAE /* Localizable.stringsdict in Resources */,
			);
			runOnlyForDeploymentPostprocessing = 0;
		};
/* End PBXResourcesBuildPhase section */

/* Begin PBXShellScriptBuildPhase section */
		43B547EB1F299A950034E779 /* ShellScript */ = {
			isa = PBXShellScriptBuildPhase;
			buildActionMask = 2147483647;
			files = (
			);
			inputPaths = (
			);
			outputPaths = (
			);
			runOnlyForDeploymentPostprocessing = 0;
			shellPath = /bin/sh;
			shellScript = "./Fabric.framework/run 57ca2a767468cd93801f5cea46dd15311882575b 5ae8e76d8456bfa8e4d60a077b103e6aca3a565f01f02a9f500d7f1fd0173b96";
		};
/* End PBXShellScriptBuildPhase section */

/* Begin PBXSourcesBuildPhase section */
		43C7A4811F19F2CB00A697C0 /* Sources */ = {
			isa = PBXSourcesBuildPhase;
			buildActionMask = 2147483647;
			files = (
				43C7A4881F19F2CB00A697C0 /* AppDelegate.swift in Sources */,
			);
			runOnlyForDeploymentPostprocessing = 0;
		};
		43CC9E3F1EBAB19300983528 /* Sources */ = {
			isa = PBXSourcesBuildPhase;
			buildActionMask = 2147483647;
			files = (
				43A8E69C2141DF7C00BD3870 /* CBTrueToneClient+Shifty.swift in Sources */,
				433E60EC207D9995007BB55F /* BrightnessSystemClient+Shifty.swift in Sources */,
				497B2396200B576700669DDE /* NotificationName+Shifty.swift in Sources */,
				43AA23C71FFABCD2001DDF5A /* AccessibilityView.swift in Sources */,
				437556B61FF746BD001951AB /* SlideSegue.swift in Sources */,
				4368E3031EBEBA6C00D53310 /* PrefManager.swift in Sources */,
				437D7E161EC015CB00544FC8 /* SliderView.swift in Sources */,
				497B2395200B576700669DDE /* NightShiftManager.swift in Sources */,
				4351C7811FB5737900788CC9 /* PrefGeneralViewController.swift in Sources */,
				4960957E200EB9CD00D966CA /* RuleManager.swift in Sources */,
				43CE525C2037B720002EBF61 /* ScriptingBridge.swift in Sources */,
				437556B41FF745A6001951AB /* Setup.swift in Sources */,
				4394DDAD1EBE376F00F22908 /* StatusMenuController.swift in Sources */,
				43CE525A20379A16002EBF61 /* Event.swift in Sources */,
				43B9DE1B1FB592AE002C4C29 /* PrefAboutViewController.swift in Sources */,
				4350191D1F21E99F0001324F /* CustomTimeWindow.swift in Sources */,
				43F971B82156DD24001DBD45 /* AnalyticsDetailViewController.swift in Sources */,
				43B9DE151FB5924F002C4C29 /* PrefShortcutsViewController.swift in Sources */,
				4394DDA91EBE376F00F22908 /* AppDelegate.swift in Sources */,
				435F0384208027C600ABA2EB /* BrowserManager.swift in Sources */,
				43AA23CE1FFAC69A001DDF5A /* AccessibilityWindow.swift in Sources */,
			);
			runOnlyForDeploymentPostprocessing = 0;
		};
/* End PBXSourcesBuildPhase section */

/* Begin PBXVariantGroup section */
		43965AC51FC68A19001A076D /* InfoPlist.strings */ = {
			isa = PBXVariantGroup;
			children = (
				43965AC41FC68A19001A076D /* en */,
				43965AC61FC68A1B001A076D /* zh-Hans */,
			);
			name = InfoPlist.strings;
			path = Shifty;
			sourceTree = "<group>";
		};
		43B6125A1FFC297400724DAE /* AccessibilityView.xib */ = {
			isa = PBXVariantGroup;
			children = (
				43B612591FFC297400724DAE /* Base */,
				43B6125C1FFC297B00724DAE /* zh-Hans */,
			);
			name = AccessibilityView.xib;
			path = Shifty;
			sourceTree = "<group>";
		};
		43B6125F1FFC298200724DAE /* Setup.storyboard */ = {
			isa = PBXVariantGroup;
			children = (
				43B6125E1FFC298200724DAE /* Base */,
				43B612611FFC298400724DAE /* zh-Hans */,
			);
			name = Setup.storyboard;
			path = Shifty;
			sourceTree = "<group>";
		};
		43B6126A1FFC413A00724DAE /* Localizable.stringsdict */ = {
			isa = PBXVariantGroup;
			children = (
				43B6126B1FFC413A00724DAE /* en */,
				43B6126D1FFC4B6300724DAE /* zh-Hans */,
			);
			name = Localizable.stringsdict;
			sourceTree = "<group>";
		};
		43D5C2181FC2CA1300AF88E0 /* PrefGeneralViewController.xib */ = {
			isa = PBXVariantGroup;
			children = (
				43D5C2171FC2CA1300AF88E0 /* Base */,
				43099BA91FC67B5100A0720B /* zh-Hans */,
			);
			name = PrefGeneralViewController.xib;
			path = Shifty;
			sourceTree = "<group>";
		};
		43D5C21D1FC2CAC300AF88E0 /* PrefShortcutsViewController.xib */ = {
			isa = PBXVariantGroup;
			children = (
				43D5C21C1FC2CAC300AF88E0 /* Base */,
				43099BAA1FC67B5100A0720B /* zh-Hans */,
			);
			name = PrefShortcutsViewController.xib;
			path = Shifty;
			sourceTree = "<group>";
		};
		43D5C2201FC2CACA00AF88E0 /* PrefAboutViewController.xib */ = {
			isa = PBXVariantGroup;
			children = (
				43D5C21F1FC2CACA00AF88E0 /* Base */,
				43099BAB1FC67B5100A0720B /* zh-Hans */,
			);
			name = PrefAboutViewController.xib;
			path = Shifty;
			sourceTree = "<group>";
		};
		43D5C2231FC2CACF00AF88E0 /* CustomTimeWindow.xib */ = {
			isa = PBXVariantGroup;
			children = (
				43D5C2221FC2CACF00AF88E0 /* Base */,
				43099BA81FC67B5000A0720B /* zh-Hans */,
			);
			name = CustomTimeWindow.xib;
			path = Shifty;
			sourceTree = "<group>";
		};
		43D5C2321FC2CECC00AF88E0 /* Localizable.strings */ = {
			isa = PBXVariantGroup;
			children = (
				43D5C2311FC2CECC00AF88E0 /* en */,
				43099BAD1FC67B5C00A0720B /* zh-Hans */,
			);
			name = Localizable.strings;
			path = Shifty;
			sourceTree = "<group>";
		};
/* End PBXVariantGroup section */

/* Begin XCBuildConfiguration section */
		43C7A4921F19F2CB00A697C0 /* Debug */ = {
			isa = XCBuildConfiguration;
			buildSettings = {
				ASSETCATALOG_COMPILER_APPICON_NAME = AppIcon;
				CODE_SIGN_ENTITLEMENTS = ShiftyHelper/ShiftyHelper.entitlements;
				CODE_SIGN_IDENTITY = "Mac Developer";
				COMBINE_HIDPI_IMAGES = YES;
				DEVELOPMENT_TEAM = 3Q7XKEDZ36;
				FRAMEWORK_SEARCH_PATHS = (
					"$(inherited)",
					"$(PROJECT_DIR)",
				);
				INFOPLIST_FILE = ShiftyHelper/Info.plist;
				LD_RUNPATH_SEARCH_PATHS = "$(inherited) @executable_path/../Frameworks";
				PRODUCT_BUNDLE_IDENTIFIER = io.natethompson.ShiftyHelper;
				PRODUCT_NAME = "$(TARGET_NAME)";
				PROVISIONING_PROFILE_SPECIFIER = "";
				SKIP_INSTALL = YES;
				SWIFT_VERSION = 4.2;
			};
			name = Debug;
		};
		43C7A4931F19F2CB00A697C0 /* Release */ = {
			isa = XCBuildConfiguration;
			buildSettings = {
				ASSETCATALOG_COMPILER_APPICON_NAME = AppIcon;
				CODE_SIGN_ENTITLEMENTS = ShiftyHelper/ShiftyHelper.entitlements;
				CODE_SIGN_IDENTITY = "Mac Developer";
				COMBINE_HIDPI_IMAGES = YES;
				DEVELOPMENT_TEAM = 3Q7XKEDZ36;
				FRAMEWORK_SEARCH_PATHS = (
					"$(inherited)",
					"$(PROJECT_DIR)",
				);
				INFOPLIST_FILE = ShiftyHelper/Info.plist;
				LD_RUNPATH_SEARCH_PATHS = "$(inherited) @executable_path/../Frameworks";
				PRODUCT_BUNDLE_IDENTIFIER = io.natethompson.ShiftyHelper;
				PRODUCT_NAME = "$(TARGET_NAME)";
				PROVISIONING_PROFILE_SPECIFIER = "";
				SKIP_INSTALL = YES;
				SWIFT_VERSION = 4.2;
			};
			name = Release;
		};
		43CC9E501EBAB19300983528 /* Debug */ = {
			isa = XCBuildConfiguration;
			buildSettings = {
				ALWAYS_SEARCH_USER_PATHS = NO;
				CLANG_ANALYZER_LOCALIZABILITY_NONLOCALIZED = YES;
				CLANG_ANALYZER_NONNULL = YES;
				CLANG_ANALYZER_NUMBER_OBJECT_CONVERSION = YES_AGGRESSIVE;
				CLANG_CXX_LANGUAGE_STANDARD = "gnu++0x";
				CLANG_CXX_LIBRARY = "libc++";
				CLANG_ENABLE_MODULES = YES;
				CLANG_ENABLE_OBJC_ARC = YES;
				CLANG_WARN_BLOCK_CAPTURE_AUTORELEASING = YES;
				CLANG_WARN_BOOL_CONVERSION = YES;
				CLANG_WARN_COMMA = YES;
				CLANG_WARN_CONSTANT_CONVERSION = YES;
				CLANG_WARN_DEPRECATED_OBJC_IMPLEMENTATIONS = YES;
				CLANG_WARN_DIRECT_OBJC_ISA_USAGE = YES_ERROR;
				CLANG_WARN_DOCUMENTATION_COMMENTS = YES;
				CLANG_WARN_EMPTY_BODY = YES;
				CLANG_WARN_ENUM_CONVERSION = YES;
				CLANG_WARN_INFINITE_RECURSION = YES;
				CLANG_WARN_INT_CONVERSION = YES;
				CLANG_WARN_NON_LITERAL_NULL_CONVERSION = YES;
				CLANG_WARN_OBJC_IMPLICIT_RETAIN_SELF = YES;
				CLANG_WARN_OBJC_LITERAL_CONVERSION = YES;
				CLANG_WARN_OBJC_ROOT_CLASS = YES_ERROR;
				CLANG_WARN_RANGE_LOOP_ANALYSIS = YES;
				CLANG_WARN_STRICT_PROTOTYPES = YES;
				CLANG_WARN_SUSPICIOUS_MOVE = YES;
				CLANG_WARN_UNREACHABLE_CODE = YES;
				CLANG_WARN__DUPLICATE_METHOD_MATCH = YES;
				CODE_SIGN_IDENTITY = "-";
				COPY_PHASE_STRIP = NO;
				DEBUG_INFORMATION_FORMAT = dwarf;
				ENABLE_STRICT_OBJC_MSGSEND = YES;
				ENABLE_TESTABILITY = YES;
				GCC_C_LANGUAGE_STANDARD = gnu99;
				GCC_DYNAMIC_NO_PIC = NO;
				GCC_NO_COMMON_BLOCKS = YES;
				GCC_OPTIMIZATION_LEVEL = 0;
				GCC_PREPROCESSOR_DEFINITIONS = (
					"DEBUG=1",
					"$(inherited)",
				);
				GCC_WARN_64_TO_32_BIT_CONVERSION = YES;
				GCC_WARN_ABOUT_RETURN_TYPE = YES_ERROR;
				GCC_WARN_UNDECLARED_SELECTOR = YES;
				GCC_WARN_UNINITIALIZED_AUTOS = YES_AGGRESSIVE;
				GCC_WARN_UNUSED_FUNCTION = YES;
				GCC_WARN_UNUSED_VARIABLE = YES;
				MACOSX_DEPLOYMENT_TARGET = 10.12;
				MTL_ENABLE_DEBUG_INFO = YES;
				ONLY_ACTIVE_ARCH = YES;
				SDKROOT = macosx;
				SWIFT_ACTIVE_COMPILATION_CONDITIONS = DEBUG;
				SWIFT_OPTIMIZATION_LEVEL = "-Onone";
			};
			name = Debug;
		};
		43CC9E511EBAB19300983528 /* Release */ = {
			isa = XCBuildConfiguration;
			buildSettings = {
				ALWAYS_SEARCH_USER_PATHS = NO;
				CLANG_ANALYZER_LOCALIZABILITY_NONLOCALIZED = YES;
				CLANG_ANALYZER_NONNULL = YES;
				CLANG_ANALYZER_NUMBER_OBJECT_CONVERSION = YES_AGGRESSIVE;
				CLANG_CXX_LANGUAGE_STANDARD = "gnu++0x";
				CLANG_CXX_LIBRARY = "libc++";
				CLANG_ENABLE_MODULES = YES;
				CLANG_ENABLE_OBJC_ARC = YES;
				CLANG_WARN_BLOCK_CAPTURE_AUTORELEASING = YES;
				CLANG_WARN_BOOL_CONVERSION = YES;
				CLANG_WARN_COMMA = YES;
				CLANG_WARN_CONSTANT_CONVERSION = YES;
				CLANG_WARN_DEPRECATED_OBJC_IMPLEMENTATIONS = YES;
				CLANG_WARN_DIRECT_OBJC_ISA_USAGE = YES_ERROR;
				CLANG_WARN_DOCUMENTATION_COMMENTS = YES;
				CLANG_WARN_EMPTY_BODY = YES;
				CLANG_WARN_ENUM_CONVERSION = YES;
				CLANG_WARN_INFINITE_RECURSION = YES;
				CLANG_WARN_INT_CONVERSION = YES;
				CLANG_WARN_NON_LITERAL_NULL_CONVERSION = YES;
				CLANG_WARN_OBJC_IMPLICIT_RETAIN_SELF = YES;
				CLANG_WARN_OBJC_LITERAL_CONVERSION = YES;
				CLANG_WARN_OBJC_ROOT_CLASS = YES_ERROR;
				CLANG_WARN_RANGE_LOOP_ANALYSIS = YES;
				CLANG_WARN_STRICT_PROTOTYPES = YES;
				CLANG_WARN_SUSPICIOUS_MOVE = YES;
				CLANG_WARN_UNREACHABLE_CODE = YES;
				CLANG_WARN__DUPLICATE_METHOD_MATCH = YES;
				CODE_SIGN_IDENTITY = "-";
				COPY_PHASE_STRIP = NO;
				DEBUG_INFORMATION_FORMAT = "dwarf-with-dsym";
				ENABLE_NS_ASSERTIONS = NO;
				ENABLE_STRICT_OBJC_MSGSEND = YES;
				GCC_C_LANGUAGE_STANDARD = gnu99;
				GCC_NO_COMMON_BLOCKS = YES;
				GCC_WARN_64_TO_32_BIT_CONVERSION = YES;
				GCC_WARN_ABOUT_RETURN_TYPE = YES_ERROR;
				GCC_WARN_UNDECLARED_SELECTOR = YES;
				GCC_WARN_UNINITIALIZED_AUTOS = YES_AGGRESSIVE;
				GCC_WARN_UNUSED_FUNCTION = YES;
				GCC_WARN_UNUSED_VARIABLE = YES;
				MACOSX_DEPLOYMENT_TARGET = 10.12;
				MTL_ENABLE_DEBUG_INFO = NO;
				SDKROOT = macosx;
				SWIFT_OPTIMIZATION_LEVEL = "-Owholemodule";
			};
			name = Release;
		};
		43CC9E531EBAB19300983528 /* Debug */ = {
			isa = XCBuildConfiguration;
			buildSettings = {
				ASSETCATALOG_COMPILER_APPICON_NAME = AppIcon;
				CODE_SIGN_ENTITLEMENTS = Shifty/Shifty.entitlements;
				CODE_SIGN_IDENTITY = "Mac Developer";
				CODE_SIGN_STYLE = Automatic;
				COMBINE_HIDPI_IMAGES = YES;
				DEBUG_INFORMATION_FORMAT = "dwarf-with-dsym";
				DEVELOPMENT_TEAM = 3Q7XKEDZ36;
				ENABLE_HARDENED_RUNTIME = YES;
				FRAMEWORK_SEARCH_PATHS = (
					"$(inherited)",
					"$(SYSTEM_LIBRARY_DIR)/PrivateFrameworks",
					"$(PROJECT_DIR)",
					"$(PROJECT_DIR)/Shifty",
				);
				INFOPLIST_FILE = "$(SRCROOT)/Shifty/Info.plist";
				LD_RUNPATH_SEARCH_PATHS = "$(inherited) @executable_path/../Frameworks";
				MACOSX_DEPLOYMENT_TARGET = 10.12;
				PRODUCT_BUNDLE_IDENTIFIER = io.natethompson.Shifty;
				PRODUCT_NAME = "$(TARGET_NAME)";
				PROVISIONING_PROFILE_SPECIFIER = "";
				SWIFT_OBJC_BRIDGING_HEADER = "Shifty/Shifty-Bridging-Header.h";
				SWIFT_VERSION = 4.2;
			};
			name = Debug;
		};
		43CC9E541EBAB19300983528 /* Release */ = {
			isa = XCBuildConfiguration;
			buildSettings = {
				ASSETCATALOG_COMPILER_APPICON_NAME = AppIcon;
				CODE_SIGN_ENTITLEMENTS = Shifty/Shifty.entitlements;
				CODE_SIGN_IDENTITY = "Mac Developer";
				CODE_SIGN_STYLE = Automatic;
				COMBINE_HIDPI_IMAGES = YES;
				DEVELOPMENT_TEAM = 3Q7XKEDZ36;
				ENABLE_HARDENED_RUNTIME = YES;
				FRAMEWORK_SEARCH_PATHS = (
					"$(inherited)",
					"$(SYSTEM_LIBRARY_DIR)/PrivateFrameworks",
					"$(PROJECT_DIR)",
					"$(PROJECT_DIR)/Shifty",
				);
				INFOPLIST_FILE = "$(SRCROOT)/Shifty/Info.plist";
				LD_RUNPATH_SEARCH_PATHS = "$(inherited) @executable_path/../Frameworks";
				MACOSX_DEPLOYMENT_TARGET = 10.12;
				PRODUCT_BUNDLE_IDENTIFIER = io.natethompson.Shifty;
				PRODUCT_NAME = "$(TARGET_NAME)";
				PROVISIONING_PROFILE_SPECIFIER = "";
				SWIFT_OBJC_BRIDGING_HEADER = "Shifty/Shifty-Bridging-Header.h";
				SWIFT_VERSION = 4.2;
			};
			name = Release;
		};
/* End XCBuildConfiguration section */

/* Begin XCConfigurationList section */
		43C7A4911F19F2CB00A697C0 /* Build configuration list for PBXNativeTarget "ShiftyHelper" */ = {
			isa = XCConfigurationList;
			buildConfigurations = (
				43C7A4921F19F2CB00A697C0 /* Debug */,
				43C7A4931F19F2CB00A697C0 /* Release */,
			);
			defaultConfigurationIsVisible = 0;
			defaultConfigurationName = Release;
		};
		43CC9E3E1EBAB19300983528 /* Build configuration list for PBXProject "Shifty" */ = {
			isa = XCConfigurationList;
			buildConfigurations = (
				43CC9E501EBAB19300983528 /* Debug */,
				43CC9E511EBAB19300983528 /* Release */,
			);
			defaultConfigurationIsVisible = 0;
			defaultConfigurationName = Release;
		};
		43CC9E521EBAB19300983528 /* Build configuration list for PBXNativeTarget "Shifty" */ = {
			isa = XCConfigurationList;
			buildConfigurations = (
				43CC9E531EBAB19300983528 /* Debug */,
				43CC9E541EBAB19300983528 /* Release */,
			);
			defaultConfigurationIsVisible = 0;
			defaultConfigurationName = Release;
		};
/* End XCConfigurationList section */
	};
	rootObject = 43CC9E3B1EBAB19300983528 /* Project object */;
}
