// !$*UTF8*$!
{
	archiveVersion = 1;
	classes = {
	};
	objectVersion = 46;
	objects = {

/* Begin PBXBuildFile section */
		43087E191F41EE0700A54523 /* BLNotificationBlock.m in Sources */ = {isa = PBXBuildFile; fileRef = 43087E181F41EE0700A54523 /* BLNotificationBlock.m */; };
		432428F31F2D84BF00E4BAFB /* ShiftyAppcast.xml in Resources */ = {isa = PBXBuildFile; fileRef = 432428F21F2D84BF00E4BAFB /* ShiftyAppcast.xml */; };
		433AD3011F2CED1F0003FBCD /* dsa_pub.pem in Resources */ = {isa = PBXBuildFile; fileRef = 433AD3001F2CED1F0003FBCD /* dsa_pub.pem */; };
		433AD3081F2D00BD0003FBCD /* Crashlytics.framework in Frameworks */ = {isa = PBXBuildFile; fileRef = 433AD3061F2D00BD0003FBCD /* Crashlytics.framework */; };
		433AD3091F2D00BD0003FBCD /* Fabric.framework in Frameworks */ = {isa = PBXBuildFile; fileRef = 433AD3071F2D00BD0003FBCD /* Fabric.framework */; };
		433EE8521EBD8ECA007EA870 /* CoreBrightness.framework in Frameworks */ = {isa = PBXBuildFile; fileRef = 433EE8511EBD8ECA007EA870 /* CoreBrightness.framework */; };
		4346F8EB1EBE827E00687A67 /* PreferencesWindow.xib in Resources */ = {isa = PBXBuildFile; fileRef = 4346F8E91EBE827E00687A67 /* PreferencesWindow.xib */; };
		4350191D1F21E99F0001324F /* CustomTimeWindow.swift in Sources */ = {isa = PBXBuildFile; fileRef = 4350191C1F21E99F0001324F /* CustomTimeWindow.swift */; };
		4368E3031EBEBA6C00D53310 /* PreferencesWindow.swift in Sources */ = {isa = PBXBuildFile; fileRef = 4368E3021EBEBA6C00D53310 /* PreferencesWindow.swift */; };
		437B3E541F22649A00B281FE /* CustomTimeWindow.xib in Resources */ = {isa = PBXBuildFile; fileRef = 437B3E531F22649A00B281FE /* CustomTimeWindow.xib */; };
		437D7E161EC015CB00544FC8 /* SliderView.swift in Sources */ = {isa = PBXBuildFile; fileRef = 437D7E151EC015CB00544FC8 /* SliderView.swift */; };
		4388E8E51F84ACCF00DC34CC /* SunriseSetLocationManager.swift in Sources */ = {isa = PBXBuildFile; fileRef = 4388E8E41F84ACCF00DC34CC /* SunriseSetLocationManager.swift */; };
		4388E8EB1F84AD1A00DC34CC /* EDSunriseSet.m in Sources */ = {isa = PBXBuildFile; fileRef = 4388E8E91F84AD1A00DC34CC /* EDSunriseSet.m */; };
		4394DDA91EBE376F00F22908 /* AppDelegate.swift in Sources */ = {isa = PBXBuildFile; fileRef = 4394DDA21EBE376F00F22908 /* AppDelegate.swift */; };
		4394DDAA1EBE376F00F22908 /* Assets.xcassets in Resources */ = {isa = PBXBuildFile; fileRef = 4394DDA31EBE376F00F22908 /* Assets.xcassets */; };
		4394DDAC1EBE376F00F22908 /* MainMenu.xib in Resources */ = {isa = PBXBuildFile; fileRef = 4394DDA61EBE376F00F22908 /* MainMenu.xib */; };
		4394DDAD1EBE376F00F22908 /* StatusMenuController.swift in Sources */ = {isa = PBXBuildFile; fileRef = 4394DDA81EBE376F00F22908 /* StatusMenuController.swift */; };
		43B547E91F2986930034E779 /* AboutWindow.swift in Sources */ = {isa = PBXBuildFile; fileRef = 43B547E71F2986930034E779 /* AboutWindow.swift */; };
		43B547EA1F2986930034E779 /* AboutWindow.xib in Resources */ = {isa = PBXBuildFile; fileRef = 43B547E81F2986930034E779 /* AboutWindow.xib */; };
		43B547F11F29A77D0034E779 /* Event.swift in Sources */ = {isa = PBXBuildFile; fileRef = 43B547F01F29A77D0034E779 /* Event.swift */; };
		43C039DA1F1BD178009B1B70 /* CBBlueLightClient+Shifty.swift in Sources */ = {isa = PBXBuildFile; fileRef = 43C039D91F1BD178009B1B70 /* CBBlueLightClient+Shifty.swift */; };
		43C0838C1F19AEF900E73B84 /* ServiceManagement.framework in Frameworks */ = {isa = PBXBuildFile; fileRef = 43C0838B1F19AEF900E73B84 /* ServiceManagement.framework */; };
		43C7A4881F19F2CB00A697C0 /* AppDelegate.swift in Sources */ = {isa = PBXBuildFile; fileRef = 43C7A4871F19F2CB00A697C0 /* AppDelegate.swift */; };
		43C7A48C1F19F2CB00A697C0 /* Assets.xcassets in Resources */ = {isa = PBXBuildFile; fileRef = 43C7A48B1F19F2CB00A697C0 /* Assets.xcassets */; };
		43C7A4941F19FA9600A697C0 /* ShiftyHelper.app in CopyFiles */ = {isa = PBXBuildFile; fileRef = 43C7A4851F19F2CB00A697C0 /* ShiftyHelper.app */; settings = {ATTRIBUTES = (RemoveHeadersOnCopy, ); }; };
		4989C89C1F81611000FF83DB /* SkyLight.framework in Frameworks */ = {isa = PBXBuildFile; fileRef = 4989C89B1F81611000FF83DB /* SkyLight.framework */; };
		4F2D868847D02BDBA9BA9A90 /* Pods_ShiftyHelper.framework in Frameworks */ = {isa = PBXBuildFile; fileRef = F271F97E9F31A99983CEA240 /* Pods_ShiftyHelper.framework */; };
		7D6801183F204BA285C9D5B7 /* Pods_Shifty.framework in Frameworks */ = {isa = PBXBuildFile; fileRef = 932D0C1C5887BEB67BDBBFD0 /* Pods_Shifty.framework */; };
/* End PBXBuildFile section */

/* Begin PBXCopyFilesBuildPhase section */
		43C083891F19AEA600E73B84 /* CopyFiles */ = {
			isa = PBXCopyFilesBuildPhase;
			buildActionMask = 2147483647;
			dstPath = Contents/Library/LoginItems;
			dstSubfolderSpec = 1;
			files = (
				43C7A4941F19FA9600A697C0 /* ShiftyHelper.app in CopyFiles */,
			);
			runOnlyForDeploymentPostprocessing = 0;
		};
/* End PBXCopyFilesBuildPhase section */

/* Begin PBXFileReference section */
		115BB8A6F00EEB28DD8A96E5 /* Pods-Shifty.release.xcconfig */ = {isa = PBXFileReference; includeInIndex = 1; lastKnownFileType = text.xcconfig; name = "Pods-Shifty.release.xcconfig"; path = "Pods/Target Support Files/Pods-Shifty/Pods-Shifty.release.xcconfig"; sourceTree = "<group>"; };
		43087E171F41EE0700A54523 /* BLNotificationBlock.h */ = {isa = PBXFileReference; fileEncoding = 4; lastKnownFileType = sourcecode.c.h; name = BLNotificationBlock.h; path = Shifty/BLNotificationBlock.h; sourceTree = "<group>"; };
		43087E181F41EE0700A54523 /* BLNotificationBlock.m */ = {isa = PBXFileReference; fileEncoding = 4; lastKnownFileType = sourcecode.c.objc; name = BLNotificationBlock.m; path = Shifty/BLNotificationBlock.m; sourceTree = "<group>"; };
		432428F21F2D84BF00E4BAFB /* ShiftyAppcast.xml */ = {isa = PBXFileReference; fileEncoding = 4; lastKnownFileType = text.xml; path = ShiftyAppcast.xml; sourceTree = "<group>"; };
		433AD3001F2CED1F0003FBCD /* dsa_pub.pem */ = {isa = PBXFileReference; fileEncoding = 4; lastKnownFileType = text; name = dsa_pub.pem; path = Shifty/dsa_pub.pem; sourceTree = "<group>"; };
		433AD3061F2D00BD0003FBCD /* Crashlytics.framework */ = {isa = PBXFileReference; lastKnownFileType = wrapper.framework; path = Crashlytics.framework; sourceTree = "<group>"; };
		433AD3071F2D00BD0003FBCD /* Fabric.framework */ = {isa = PBXFileReference; lastKnownFileType = wrapper.framework; path = Fabric.framework; sourceTree = "<group>"; };
		433EE8511EBD8ECA007EA870 /* CoreBrightness.framework */ = {isa = PBXFileReference; lastKnownFileType = wrapper.framework; name = CoreBrightness.framework; path = ../../../../../System/Library/PrivateFrameworks/CoreBrightness.framework; sourceTree = "<group>"; };
		4346F8E91EBE827E00687A67 /* PreferencesWindow.xib */ = {isa = PBXFileReference; fileEncoding = 4; lastKnownFileType = file.xib; name = PreferencesWindow.xib; path = Shifty/PreferencesWindow.xib; sourceTree = "<group>"; };
		4350191C1F21E99F0001324F /* CustomTimeWindow.swift */ = {isa = PBXFileReference; fileEncoding = 4; lastKnownFileType = sourcecode.swift; name = CustomTimeWindow.swift; path = Shifty/CustomTimeWindow.swift; sourceTree = "<group>"; };
		4368E3021EBEBA6C00D53310 /* PreferencesWindow.swift */ = {isa = PBXFileReference; fileEncoding = 4; lastKnownFileType = sourcecode.swift; name = PreferencesWindow.swift; path = Shifty/PreferencesWindow.swift; sourceTree = "<group>"; };
		437B3E531F22649A00B281FE /* CustomTimeWindow.xib */ = {isa = PBXFileReference; fileEncoding = 4; lastKnownFileType = file.xib; name = CustomTimeWindow.xib; path = Shifty/CustomTimeWindow.xib; sourceTree = "<group>"; };
		437D7E151EC015CB00544FC8 /* SliderView.swift */ = {isa = PBXFileReference; fileEncoding = 4; lastKnownFileType = sourcecode.swift; name = SliderView.swift; path = Shifty/SliderView.swift; sourceTree = "<group>"; };
		4388E8E41F84ACCF00DC34CC /* SunriseSetLocationManager.swift */ = {isa = PBXFileReference; lastKnownFileType = sourcecode.swift; name = SunriseSetLocationManager.swift; path = Shifty/SunriseSetLocationManager.swift; sourceTree = "<group>"; };
		4388E8E91F84AD1A00DC34CC /* EDSunriseSet.m */ = {isa = PBXFileReference; lastKnownFileType = sourcecode.c.objc; name = EDSunriseSet.m; path = Shifty/EDSunriseSet.m; sourceTree = "<group>"; };
		4388E8EA1F84AD1A00DC34CC /* EDSunriseSet.h */ = {isa = PBXFileReference; lastKnownFileType = sourcecode.c.h; name = EDSunriseSet.h; path = Shifty/EDSunriseSet.h; sourceTree = "<group>"; };
		4394DDA21EBE376F00F22908 /* AppDelegate.swift */ = {isa = PBXFileReference; fileEncoding = 4; lastKnownFileType = sourcecode.swift; name = AppDelegate.swift; path = Shifty/AppDelegate.swift; sourceTree = "<group>"; };
		4394DDA31EBE376F00F22908 /* Assets.xcassets */ = {isa = PBXFileReference; lastKnownFileType = folder.assetcatalog; name = Assets.xcassets; path = Shifty/Assets.xcassets; sourceTree = "<group>"; };
		4394DDA41EBE376F00F22908 /* CBBlueLightClient.h */ = {isa = PBXFileReference; fileEncoding = 4; lastKnownFileType = sourcecode.c.h; name = CBBlueLightClient.h; path = Shifty/CBBlueLightClient.h; sourceTree = "<group>"; };
		4394DDA51EBE376F00F22908 /* Info.plist */ = {isa = PBXFileReference; fileEncoding = 4; lastKnownFileType = text.plist.xml; name = Info.plist; path = Shifty/Info.plist; sourceTree = "<group>"; };
		4394DDA61EBE376F00F22908 /* MainMenu.xib */ = {isa = PBXFileReference; fileEncoding = 4; lastKnownFileType = file.xib; name = MainMenu.xib; path = Shifty/MainMenu.xib; sourceTree = "<group>"; };
		4394DDA81EBE376F00F22908 /* StatusMenuController.swift */ = {isa = PBXFileReference; fileEncoding = 4; lastKnownFileType = sourcecode.swift; name = StatusMenuController.swift; path = Shifty/StatusMenuController.swift; sourceTree = "<group>"; };
		4394DDAE1EBE379900F22908 /* Shifty-Bridging-Header.h */ = {isa = PBXFileReference; lastKnownFileType = sourcecode.c.h; name = "Shifty-Bridging-Header.h"; path = "Shifty/Shifty-Bridging-Header.h"; sourceTree = "<group>"; };
		43B547E71F2986930034E779 /* AboutWindow.swift */ = {isa = PBXFileReference; fileEncoding = 4; lastKnownFileType = sourcecode.swift; name = AboutWindow.swift; path = Shifty/AboutWindow.swift; sourceTree = "<group>"; };
		43B547E81F2986930034E779 /* AboutWindow.xib */ = {isa = PBXFileReference; fileEncoding = 4; lastKnownFileType = file.xib; name = AboutWindow.xib; path = Shifty/AboutWindow.xib; sourceTree = "<group>"; };
		43B547F01F29A77D0034E779 /* Event.swift */ = {isa = PBXFileReference; fileEncoding = 4; lastKnownFileType = sourcecode.swift; name = Event.swift; path = Shifty/Event.swift; sourceTree = "<group>"; };
		43C039D91F1BD178009B1B70 /* CBBlueLightClient+Shifty.swift */ = {isa = PBXFileReference; fileEncoding = 4; lastKnownFileType = sourcecode.swift; name = "CBBlueLightClient+Shifty.swift"; path = "Shifty/CBBlueLightClient+Shifty.swift"; sourceTree = "<group>"; };
		43C0838B1F19AEF900E73B84 /* ServiceManagement.framework */ = {isa = PBXFileReference; lastKnownFileType = wrapper.framework; name = ServiceManagement.framework; path = System/Library/Frameworks/ServiceManagement.framework; sourceTree = SDKROOT; };
		43C0838D1F19BA6900E73B84 /* Shifty.entitlements */ = {isa = PBXFileReference; lastKnownFileType = text.plist.entitlements; name = Shifty.entitlements; path = Shifty/Shifty.entitlements; sourceTree = "<group>"; };
		43C7A4851F19F2CB00A697C0 /* ShiftyHelper.app */ = {isa = PBXFileReference; explicitFileType = wrapper.application; includeInIndex = 0; path = ShiftyHelper.app; sourceTree = BUILT_PRODUCTS_DIR; };
		43C7A4871F19F2CB00A697C0 /* AppDelegate.swift */ = {isa = PBXFileReference; lastKnownFileType = sourcecode.swift; path = AppDelegate.swift; sourceTree = "<group>"; };
		43C7A48B1F19F2CB00A697C0 /* Assets.xcassets */ = {isa = PBXFileReference; lastKnownFileType = folder.assetcatalog; path = Assets.xcassets; sourceTree = "<group>"; };
		43C7A4901F19F2CB00A697C0 /* Info.plist */ = {isa = PBXFileReference; lastKnownFileType = text.plist.xml; path = Info.plist; sourceTree = "<group>"; };
		43C7A4951F19FE1A00A697C0 /* ShiftyHelper.entitlements */ = {isa = PBXFileReference; lastKnownFileType = text.plist.entitlements; path = ShiftyHelper.entitlements; sourceTree = "<group>"; };
		43CC9E431EBAB19300983528 /* Shifty.app */ = {isa = PBXFileReference; explicitFileType = wrapper.application; includeInIndex = 0; path = Shifty.app; sourceTree = BUILT_PRODUCTS_DIR; };
		4989C89B1F81611000FF83DB /* SkyLight.framework */ = {isa = PBXFileReference; lastKnownFileType = wrapper.framework; name = SkyLight.framework; path = ../../../../System/Library/PrivateFrameworks/SkyLight.framework; sourceTree = "<group>"; };
		8C6209F5BF9CCE799389DE98 /* Pods-ShiftyHelper.release.xcconfig */ = {isa = PBXFileReference; includeInIndex = 1; lastKnownFileType = text.xcconfig; name = "Pods-ShiftyHelper.release.xcconfig"; path = "Pods/Target Support Files/Pods-ShiftyHelper/Pods-ShiftyHelper.release.xcconfig"; sourceTree = "<group>"; };
		932D0C1C5887BEB67BDBBFD0 /* Pods_Shifty.framework */ = {isa = PBXFileReference; explicitFileType = wrapper.framework; includeInIndex = 0; path = Pods_Shifty.framework; sourceTree = BUILT_PRODUCTS_DIR; };
		A4349442197ECCC192DF8A03 /* Pods-Shifty.debug.xcconfig */ = {isa = PBXFileReference; includeInIndex = 1; lastKnownFileType = text.xcconfig; name = "Pods-Shifty.debug.xcconfig"; path = "Pods/Target Support Files/Pods-Shifty/Pods-Shifty.debug.xcconfig"; sourceTree = "<group>"; };
		A993CE981563695C88DEE039 /* Pods-ShiftyHelper.debug.xcconfig */ = {isa = PBXFileReference; includeInIndex = 1; lastKnownFileType = text.xcconfig; name = "Pods-ShiftyHelper.debug.xcconfig"; path = "Pods/Target Support Files/Pods-ShiftyHelper/Pods-ShiftyHelper.debug.xcconfig"; sourceTree = "<group>"; };
		F271F97E9F31A99983CEA240 /* Pods_ShiftyHelper.framework */ = {isa = PBXFileReference; explicitFileType = wrapper.framework; includeInIndex = 0; path = Pods_ShiftyHelper.framework; sourceTree = BUILT_PRODUCTS_DIR; };
/* End PBXFileReference section */

/* Begin PBXFrameworksBuildPhase section */
		43C7A4821F19F2CB00A697C0 /* Frameworks */ = {
			isa = PBXFrameworksBuildPhase;
			buildActionMask = 2147483647;
			files = (
				4F2D868847D02BDBA9BA9A90 /* Pods_ShiftyHelper.framework in Frameworks */,
			);
			runOnlyForDeploymentPostprocessing = 0;
		};
		43CC9E401EBAB19300983528 /* Frameworks */ = {
			isa = PBXFrameworksBuildPhase;
			buildActionMask = 2147483647;
			files = (
				4989C89C1F81611000FF83DB /* SkyLight.framework in Frameworks */,
				43C0838C1F19AEF900E73B84 /* ServiceManagement.framework in Frameworks */,
				433AD3091F2D00BD0003FBCD /* Fabric.framework in Frameworks */,
				433EE8521EBD8ECA007EA870 /* CoreBrightness.framework in Frameworks */,
				433AD3081F2D00BD0003FBCD /* Crashlytics.framework in Frameworks */,
				7D6801183F204BA285C9D5B7 /* Pods_Shifty.framework in Frameworks */,
			);
			runOnlyForDeploymentPostprocessing = 0;
		};
/* End PBXFrameworksBuildPhase section */

/* Begin PBXGroup section */
		433EE8501EBD8ECA007EA870 /* Frameworks */ = {
			isa = PBXGroup;
			children = (
				4989C89B1F81611000FF83DB /* SkyLight.framework */,
				43C0838B1F19AEF900E73B84 /* ServiceManagement.framework */,
				433EE8511EBD8ECA007EA870 /* CoreBrightness.framework */,
				932D0C1C5887BEB67BDBBFD0 /* Pods_Shifty.framework */,
				F271F97E9F31A99983CEA240 /* Pods_ShiftyHelper.framework */,
			);
			name = Frameworks;
			sourceTree = "<group>";
		};
		4394DDA11EBE375300F22908 /* Shifty */ = {
			isa = PBXGroup;
			children = (
				43C0838D1F19BA6900E73B84 /* Shifty.entitlements */,
				4394DDAE1EBE379900F22908 /* Shifty-Bridging-Header.h */,
				43087E171F41EE0700A54523 /* BLNotificationBlock.h */,
				43087E181F41EE0700A54523 /* BLNotificationBlock.m */,
				4394DDA41EBE376F00F22908 /* CBBlueLightClient.h */,
				43C039D91F1BD178009B1B70 /* CBBlueLightClient+Shifty.swift */,
				4388E8EA1F84AD1A00DC34CC /* EDSunriseSet.h */,
				4388E8E91F84AD1A00DC34CC /* EDSunriseSet.m */,
				4394DDA21EBE376F00F22908 /* AppDelegate.swift */,
				43B547F01F29A77D0034E779 /* Event.swift */,
				4388E8E41F84ACCF00DC34CC /* SunriseSetLocationManager.swift */,
				4394DDA81EBE376F00F22908 /* StatusMenuController.swift */,
				43B547E71F2986930034E779 /* AboutWindow.swift */,
				437D7E151EC015CB00544FC8 /* SliderView.swift */,
				4368E3021EBEBA6C00D53310 /* PreferencesWindow.swift */,
				4350191C1F21E99F0001324F /* CustomTimeWindow.swift */,
				4394DDA61EBE376F00F22908 /* MainMenu.xib */,
				43B547E81F2986930034E779 /* AboutWindow.xib */,
				4346F8E91EBE827E00687A67 /* PreferencesWindow.xib */,
				437B3E531F22649A00B281FE /* CustomTimeWindow.xib */,
				433AD3001F2CED1F0003FBCD /* dsa_pub.pem */,
				433AD3061F2D00BD0003FBCD /* Crashlytics.framework */,
				433AD3071F2D00BD0003FBCD /* Fabric.framework */,
				4394DDA31EBE376F00F22908 /* Assets.xcassets */,
				4394DDA51EBE376F00F22908 /* Info.plist */,
			);
			name = Shifty;
			sourceTree = "<group>";
		};
		43C7A4861F19F2CB00A697C0 /* ShiftyHelper */ = {
			isa = PBXGroup;
			children = (
				43C7A4951F19FE1A00A697C0 /* ShiftyHelper.entitlements */,
				43C7A4871F19F2CB00A697C0 /* AppDelegate.swift */,
				43C7A48B1F19F2CB00A697C0 /* Assets.xcassets */,
				43C7A4901F19F2CB00A697C0 /* Info.plist */,
			);
			path = ShiftyHelper;
			sourceTree = "<group>";
		};
		43CC9E3A1EBAB19300983528 = {
			isa = PBXGroup;
			children = (
				4394DDA11EBE375300F22908 /* Shifty */,
				43C7A4861F19F2CB00A697C0 /* ShiftyHelper */,
				432428F21F2D84BF00E4BAFB /* ShiftyAppcast.xml */,
				43CC9E441EBAB19300983528 /* Products */,
				433EE8501EBD8ECA007EA870 /* Frameworks */,
				6A22A26B2D8B066C79401496 /* Pods */,
			);
			sourceTree = "<group>";
		};
		43CC9E441EBAB19300983528 /* Products */ = {
			isa = PBXGroup;
			children = (
				43CC9E431EBAB19300983528 /* Shifty.app */,
				43C7A4851F19F2CB00A697C0 /* ShiftyHelper.app */,
			);
			name = Products;
			sourceTree = "<group>";
		};
		6A22A26B2D8B066C79401496 /* Pods */ = {
			isa = PBXGroup;
			children = (
				A4349442197ECCC192DF8A03 /* Pods-Shifty.debug.xcconfig */,
				115BB8A6F00EEB28DD8A96E5 /* Pods-Shifty.release.xcconfig */,
				A993CE981563695C88DEE039 /* Pods-ShiftyHelper.debug.xcconfig */,
				8C6209F5BF9CCE799389DE98 /* Pods-ShiftyHelper.release.xcconfig */,
			);
			name = Pods;
			sourceTree = "<group>";
		};
/* End PBXGroup section */

/* Begin PBXNativeTarget section */
		43C7A4841F19F2CB00A697C0 /* ShiftyHelper */ = {
			isa = PBXNativeTarget;
			buildConfigurationList = 43C7A4911F19F2CB00A697C0 /* Build configuration list for PBXNativeTarget "ShiftyHelper" */;
			buildPhases = (
				27C74446AB58523C2A71650F /* [CP] Check Pods Manifest.lock */,
				43C7A4811F19F2CB00A697C0 /* Sources */,
				43C7A4821F19F2CB00A697C0 /* Frameworks */,
				43C7A4831F19F2CB00A697C0 /* Resources */,
				5647DDEE3F4B4BF5A23F732C /* [CP] Embed Pods Frameworks */,
				A0A30ECF4403F682F030113F /* [CP] Copy Pods Resources */,
			);
			buildRules = (
			);
			dependencies = (
			);
			name = ShiftyHelper;
			productName = ShiftyHelper;
			productReference = 43C7A4851F19F2CB00A697C0 /* ShiftyHelper.app */;
			productType = "com.apple.product-type.application";
		};
		43CC9E421EBAB19300983528 /* Shifty */ = {
			isa = PBXNativeTarget;
			buildConfigurationList = 43CC9E521EBAB19300983528 /* Build configuration list for PBXNativeTarget "Shifty" */;
			buildPhases = (
				BA000E42F0ECD1867C5592C9 /* [CP] Check Pods Manifest.lock */,
				43CC9E3F1EBAB19300983528 /* Sources */,
				43CC9E401EBAB19300983528 /* Frameworks */,
				43CC9E411EBAB19300983528 /* Resources */,
				43C083891F19AEA600E73B84 /* CopyFiles */,
				43B547EB1F299A950034E779 /* ShellScript */,
				65FE15B889A77F94F9C3A3DF /* [CP] Embed Pods Frameworks */,
				7FE2AB7236744A171CB710BB /* [CP] Copy Pods Resources */,
			);
			buildRules = (
			);
			dependencies = (
			);
			name = Shifty;
			productName = "Night-Shift-Tool";
			productReference = 43CC9E431EBAB19300983528 /* Shifty.app */;
			productType = "com.apple.product-type.application";
		};
/* End PBXNativeTarget section */

/* Begin PBXProject section */
		43CC9E3B1EBAB19300983528 /* Project object */ = {
			isa = PBXProject;
			attributes = {
				LastSwiftUpdateCheck = 0830;
				LastUpgradeCheck = 0900;
				TargetAttributes = {
					43C7A4841F19F2CB00A697C0 = {
						CreatedOnToolsVersion = 8.3.2;
						DevelopmentTeam = 3Q7XKEDZ36;
						LastSwiftMigration = 0900;
						ProvisioningStyle = Automatic;
						SystemCapabilities = {
							com.apple.Sandbox = {
								enabled = 0;
							};
						};
					};
					43CC9E421EBAB19300983528 = {
						CreatedOnToolsVersion = 8.3.1;
						DevelopmentTeam = 3Q7XKEDZ36;
						LastSwiftMigration = 0900;
						ProvisioningStyle = Automatic;
						SystemCapabilities = {
							com.apple.Sandbox = {
								enabled = 0;
							};
						};
					};
				};
			};
			buildConfigurationList = 43CC9E3E1EBAB19300983528 /* Build configuration list for PBXProject "Shifty" */;
			compatibilityVersion = "Xcode 3.2";
			developmentRegion = English;
			hasScannedForEncodings = 0;
			knownRegions = (
				en,
				Base,
			);
			mainGroup = 43CC9E3A1EBAB19300983528;
			productRefGroup = 43CC9E441EBAB19300983528 /* Products */;
			projectDirPath = "";
			projectRoot = "";
			targets = (
				43CC9E421EBAB19300983528 /* Shifty */,
				43C7A4841F19F2CB00A697C0 /* ShiftyHelper */,
			);
		};
/* End PBXProject section */

/* Begin PBXResourcesBuildPhase section */
		43C7A4831F19F2CB00A697C0 /* Resources */ = {
			isa = PBXResourcesBuildPhase;
			buildActionMask = 2147483647;
			files = (
				43C7A48C1F19F2CB00A697C0 /* Assets.xcassets in Resources */,
				432428F31F2D84BF00E4BAFB /* ShiftyAppcast.xml in Resources */,
			);
			runOnlyForDeploymentPostprocessing = 0;
		};
		43CC9E411EBAB19300983528 /* Resources */ = {
			isa = PBXResourcesBuildPhase;
			buildActionMask = 2147483647;
			files = (
				4346F8EB1EBE827E00687A67 /* PreferencesWindow.xib in Resources */,
				433AD3011F2CED1F0003FBCD /* dsa_pub.pem in Resources */,
				4394DDAA1EBE376F00F22908 /* Assets.xcassets in Resources */,
				43B547EA1F2986930034E779 /* AboutWindow.xib in Resources */,
				4394DDAC1EBE376F00F22908 /* MainMenu.xib in Resources */,
				437B3E541F22649A00B281FE /* CustomTimeWindow.xib in Resources */,
			);
			runOnlyForDeploymentPostprocessing = 0;
		};
/* End PBXResourcesBuildPhase section */

/* Begin PBXShellScriptBuildPhase section */
		27C74446AB58523C2A71650F /* [CP] Check Pods Manifest.lock */ = {
			isa = PBXShellScriptBuildPhase;
			buildActionMask = 2147483647;
			files = (
			);
			inputPaths = (
				"${PODS_PODFILE_DIR_PATH}/Podfile.lock",
				"${PODS_ROOT}/Manifest.lock",
			);
			name = "[CP] Check Pods Manifest.lock";
			outputPaths = (
				"$(DERIVED_FILE_DIR)/Pods-ShiftyHelper-checkManifestLockResult.txt",
			);
			runOnlyForDeploymentPostprocessing = 0;
			shellPath = /bin/sh;
			shellScript = "diff \"${PODS_PODFILE_DIR_PATH}/Podfile.lock\" \"${PODS_ROOT}/Manifest.lock\" > /dev/null\nif [ $? != 0 ] ; then\n    # print error to STDERR\n    echo \"error: The sandbox is not in sync with the Podfile.lock. Run 'pod install' or update your CocoaPods installation.\" >&2\n    exit 1\nfi\n";
			showEnvVarsInLog = 0;
		};
		43B547EB1F299A950034E779 /* ShellScript */ = {
			isa = PBXShellScriptBuildPhase;
			buildActionMask = 2147483647;
			files = (
			);
			inputPaths = (
			);
			outputPaths = (
			);
			runOnlyForDeploymentPostprocessing = 0;
			shellPath = /bin/sh;
			shellScript = "./Fabric.framework/run 57ca2a767468cd93801f5cea46dd15311882575b 5ae8e76d8456bfa8e4d60a077b103e6aca3a565f01f02a9f500d7f1fd0173b96";
		};
		5647DDEE3F4B4BF5A23F732C /* [CP] Embed Pods Frameworks */ = {
			isa = PBXShellScriptBuildPhase;
			buildActionMask = 2147483647;
			files = (
			);
			inputPaths = (
			);
			name = "[CP] Embed Pods Frameworks";
			outputPaths = (
			);
			runOnlyForDeploymentPostprocessing = 0;
			shellPath = /bin/sh;
			shellScript = "\"${SRCROOT}/Pods/Target Support Files/Pods-ShiftyHelper/Pods-ShiftyHelper-frameworks.sh\"\n";
			showEnvVarsInLog = 0;
		};
		65FE15B889A77F94F9C3A3DF /* [CP] Embed Pods Frameworks */ = {
			isa = PBXShellScriptBuildPhase;
			buildActionMask = 2147483647;
			files = (
			);
			inputPaths = (
				"${SRCROOT}/Pods/Target Support Files/Pods-Shifty/Pods-Shifty-frameworks.sh",
				"${PODS_ROOT}/Sparkle/Sparkle.framework",
				"${PODS_ROOT}/Sparkle/Sparkle.framework.dSYM",
			);
			name = "[CP] Embed Pods Frameworks";
			outputPaths = (
				"${TARGET_BUILD_DIR}/${FRAMEWORKS_FOLDER_PATH}/Sparkle.framework",
				"${DWARF_DSYM_FOLDER_PATH}/Sparkle.framework.dSYM",
			);
			runOnlyForDeploymentPostprocessing = 0;
			shellPath = /bin/sh;
			shellScript = "\"${SRCROOT}/Pods/Target Support Files/Pods-Shifty/Pods-Shifty-frameworks.sh\"\n";
			showEnvVarsInLog = 0;
		};
		7FE2AB7236744A171CB710BB /* [CP] Copy Pods Resources */ = {
			isa = PBXShellScriptBuildPhase;
			buildActionMask = 2147483647;
			files = (
			);
			inputPaths = (
			);
			name = "[CP] Copy Pods Resources";
			outputPaths = (
			);
			runOnlyForDeploymentPostprocessing = 0;
			shellPath = /bin/sh;
			shellScript = "\"${SRCROOT}/Pods/Target Support Files/Pods-Shifty/Pods-Shifty-resources.sh\"\n";
			showEnvVarsInLog = 0;
		};
		A0A30ECF4403F682F030113F /* [CP] Copy Pods Resources */ = {
			isa = PBXShellScriptBuildPhase;
			buildActionMask = 2147483647;
			files = (
			);
			inputPaths = (
			);
			name = "[CP] Copy Pods Resources";
			outputPaths = (
			);
			runOnlyForDeploymentPostprocessing = 0;
			shellPath = /bin/sh;
			shellScript = "\"${SRCROOT}/Pods/Target Support Files/Pods-ShiftyHelper/Pods-ShiftyHelper-resources.sh\"\n";
			showEnvVarsInLog = 0;
		};
		BA000E42F0ECD1867C5592C9 /* [CP] Check Pods Manifest.lock */ = {
			isa = PBXShellScriptBuildPhase;
			buildActionMask = 2147483647;
			files = (
			);
			inputPaths = (
				"${PODS_PODFILE_DIR_PATH}/Podfile.lock",
				"${PODS_ROOT}/Manifest.lock",
			);
			name = "[CP] Check Pods Manifest.lock";
			outputPaths = (
				"$(DERIVED_FILE_DIR)/Pods-Shifty-checkManifestLockResult.txt",
			);
			runOnlyForDeploymentPostprocessing = 0;
			shellPath = /bin/sh;
			shellScript = "diff \"${PODS_PODFILE_DIR_PATH}/Podfile.lock\" \"${PODS_ROOT}/Manifest.lock\" > /dev/null\nif [ $? != 0 ] ; then\n    # print error to STDERR\n    echo \"error: The sandbox is not in sync with the Podfile.lock. Run 'pod install' or update your CocoaPods installation.\" >&2\n    exit 1\nfi\n";
			showEnvVarsInLog = 0;
		};
/* End PBXShellScriptBuildPhase section */

/* Begin PBXSourcesBuildPhase section */
		43C7A4811F19F2CB00A697C0 /* Sources */ = {
			isa = PBXSourcesBuildPhase;
			buildActionMask = 2147483647;
			files = (
				43C7A4881F19F2CB00A697C0 /* AppDelegate.swift in Sources */,
			);
			runOnlyForDeploymentPostprocessing = 0;
		};
		43CC9E3F1EBAB19300983528 /* Sources */ = {
			isa = PBXSourcesBuildPhase;
			buildActionMask = 2147483647;
			files = (
				43B547F11F29A77D0034E779 /* Event.swift in Sources */,
				4388E8EB1F84AD1A00DC34CC /* EDSunriseSet.m in Sources */,
				4368E3031EBEBA6C00D53310 /* PreferencesWindow.swift in Sources */,
				437D7E161EC015CB00544FC8 /* SliderView.swift in Sources */,
				43087E191F41EE0700A54523 /* BLNotificationBlock.m in Sources */,
				4394DDAD1EBE376F00F22908 /* StatusMenuController.swift in Sources */,
				4388E8E51F84ACCF00DC34CC /* SunriseSetLocationManager.swift in Sources */,
				4350191D1F21E99F0001324F /* CustomTimeWindow.swift in Sources */,
				4394DDA91EBE376F00F22908 /* AppDelegate.swift in Sources */,
				43B547E91F2986930034E779 /* AboutWindow.swift in Sources */,
				43C039DA1F1BD178009B1B70 /* CBBlueLightClient+Shifty.swift in Sources */,
			);
			runOnlyForDeploymentPostprocessing = 0;
		};
/* End PBXSourcesBuildPhase section */

/* Begin XCBuildConfiguration section */
		43C7A4921F19F2CB00A697C0 /* Debug */ = {
			isa = XCBuildConfiguration;
			baseConfigurationReference = A993CE981563695C88DEE039 /* Pods-ShiftyHelper.debug.xcconfig */;
			buildSettings = {
				ASSETCATALOG_COMPILER_APPICON_NAME = AppIcon;
				CODE_SIGN_ENTITLEMENTS = ShiftyHelper/ShiftyHelper.entitlements;
				CODE_SIGN_IDENTITY = "Mac Developer";
				COMBINE_HIDPI_IMAGES = YES;
				DEVELOPMENT_TEAM = 3Q7XKEDZ36;
				INFOPLIST_FILE = ShiftyHelper/Info.plist;
				LD_RUNPATH_SEARCH_PATHS = "$(inherited) @executable_path/../Frameworks";
				PRODUCT_BUNDLE_IDENTIFIER = io.natethompson.ShiftyHelper;
				PRODUCT_NAME = "$(TARGET_NAME)";
				PROVISIONING_PROFILE_SPECIFIER = "";
				SKIP_INSTALL = YES;
				SWIFT_VERSION = 4.0;
			};
			name = Debug;
		};
		43C7A4931F19F2CB00A697C0 /* Release */ = {
			isa = XCBuildConfiguration;
			baseConfigurationReference = 8C6209F5BF9CCE799389DE98 /* Pods-ShiftyHelper.release.xcconfig */;
			buildSettings = {
				ASSETCATALOG_COMPILER_APPICON_NAME = AppIcon;
				CODE_SIGN_ENTITLEMENTS = ShiftyHelper/ShiftyHelper.entitlements;
				CODE_SIGN_IDENTITY = "Mac Developer";
				COMBINE_HIDPI_IMAGES = YES;
				DEVELOPMENT_TEAM = 3Q7XKEDZ36;
				INFOPLIST_FILE = ShiftyHelper/Info.plist;
				LD_RUNPATH_SEARCH_PATHS = "$(inherited) @executable_path/../Frameworks";
				PRODUCT_BUNDLE_IDENTIFIER = io.natethompson.ShiftyHelper;
				PRODUCT_NAME = "$(TARGET_NAME)";
				PROVISIONING_PROFILE_SPECIFIER = "";
				SKIP_INSTALL = YES;
				SWIFT_VERSION = 4.0;
			};
			name = Release;
		};
		43CC9E501EBAB19300983528 /* Debug */ = {
			isa = XCBuildConfiguration;
			buildSettings = {
				ALWAYS_SEARCH_USER_PATHS = NO;
				CLANG_ANALYZER_NONNULL = YES;
				CLANG_ANALYZER_NUMBER_OBJECT_CONVERSION = YES_AGGRESSIVE;
				CLANG_CXX_LANGUAGE_STANDARD = "gnu++0x";
				CLANG_CXX_LIBRARY = "libc++";
				CLANG_ENABLE_MODULES = YES;
				CLANG_ENABLE_OBJC_ARC = YES;
				CLANG_WARN_BLOCK_CAPTURE_AUTORELEASING = YES;
				CLANG_WARN_BOOL_CONVERSION = YES;
				CLANG_WARN_COMMA = YES;
				CLANG_WARN_CONSTANT_CONVERSION = YES;
				CLANG_WARN_DIRECT_OBJC_ISA_USAGE = YES_ERROR;
				CLANG_WARN_DOCUMENTATION_COMMENTS = YES;
				CLANG_WARN_EMPTY_BODY = YES;
				CLANG_WARN_ENUM_CONVERSION = YES;
				CLANG_WARN_INFINITE_RECURSION = YES;
				CLANG_WARN_INT_CONVERSION = YES;
				CLANG_WARN_NON_LITERAL_NULL_CONVERSION = YES;
				CLANG_WARN_OBJC_LITERAL_CONVERSION = YES;
				CLANG_WARN_OBJC_ROOT_CLASS = YES_ERROR;
				CLANG_WARN_RANGE_LOOP_ANALYSIS = YES;
				CLANG_WARN_STRICT_PROTOTYPES = YES;
				CLANG_WARN_SUSPICIOUS_MOVE = YES;
				CLANG_WARN_UNREACHABLE_CODE = YES;
				CLANG_WARN__DUPLICATE_METHOD_MATCH = YES;
				CODE_SIGN_IDENTITY = "-";
				COPY_PHASE_STRIP = NO;
				DEBUG_INFORMATION_FORMAT = dwarf;
				ENABLE_STRICT_OBJC_MSGSEND = YES;
				ENABLE_TESTABILITY = YES;
				GCC_C_LANGUAGE_STANDARD = gnu99;
				GCC_DYNAMIC_NO_PIC = NO;
				GCC_NO_COMMON_BLOCKS = YES;
				GCC_OPTIMIZATION_LEVEL = 0;
				GCC_PREPROCESSOR_DEFINITIONS = (
					"DEBUG=1",
					"$(inherited)",
				);
				GCC_WARN_64_TO_32_BIT_CONVERSION = YES;
				GCC_WARN_ABOUT_RETURN_TYPE = YES_ERROR;
				GCC_WARN_UNDECLARED_SELECTOR = YES;
				GCC_WARN_UNINITIALIZED_AUTOS = YES_AGGRESSIVE;
				GCC_WARN_UNUSED_FUNCTION = YES;
				GCC_WARN_UNUSED_VARIABLE = YES;
				MACOSX_DEPLOYMENT_TARGET = 10.12;
				MTL_ENABLE_DEBUG_INFO = YES;
				ONLY_ACTIVE_ARCH = YES;
				SDKROOT = macosx;
				SWIFT_ACTIVE_COMPILATION_CONDITIONS = DEBUG;
				SWIFT_OPTIMIZATION_LEVEL = "-Onone";
			};
			name = Debug;
		};
		43CC9E511EBAB19300983528 /* Release */ = {
			isa = XCBuildConfiguration;
			buildSettings = {
				ALWAYS_SEARCH_USER_PATHS = NO;
				CLANG_ANALYZER_NONNULL = YES;
				CLANG_ANALYZER_NUMBER_OBJECT_CONVERSION = YES_AGGRESSIVE;
				CLANG_CXX_LANGUAGE_STANDARD = "gnu++0x";
				CLANG_CXX_LIBRARY = "libc++";
				CLANG_ENABLE_MODULES = YES;
				CLANG_ENABLE_OBJC_ARC = YES;
				CLANG_WARN_BLOCK_CAPTURE_AUTORELEASING = YES;
				CLANG_WARN_BOOL_CONVERSION = YES;
				CLANG_WARN_COMMA = YES;
				CLANG_WARN_CONSTANT_CONVERSION = YES;
				CLANG_WARN_DIRECT_OBJC_ISA_USAGE = YES_ERROR;
				CLANG_WARN_DOCUMENTATION_COMMENTS = YES;
				CLANG_WARN_EMPTY_BODY = YES;
				CLANG_WARN_ENUM_CONVERSION = YES;
				CLANG_WARN_INFINITE_RECURSION = YES;
				CLANG_WARN_INT_CONVERSION = YES;
				CLANG_WARN_NON_LITERAL_NULL_CONVERSION = YES;
				CLANG_WARN_OBJC_LITERAL_CONVERSION = YES;
				CLANG_WARN_OBJC_ROOT_CLASS = YES_ERROR;
				CLANG_WARN_RANGE_LOOP_ANALYSIS = YES;
				CLANG_WARN_STRICT_PROTOTYPES = YES;
				CLANG_WARN_SUSPICIOUS_MOVE = YES;
				CLANG_WARN_UNREACHABLE_CODE = YES;
				CLANG_WARN__DUPLICATE_METHOD_MATCH = YES;
				CODE_SIGN_IDENTITY = "-";
				COPY_PHASE_STRIP = NO;
				DEBUG_INFORMATION_FORMAT = "dwarf-with-dsym";
				ENABLE_NS_ASSERTIONS = NO;
				ENABLE_STRICT_OBJC_MSGSEND = YES;
				GCC_C_LANGUAGE_STANDARD = gnu99;
				GCC_NO_COMMON_BLOCKS = YES;
				GCC_WARN_64_TO_32_BIT_CONVERSION = YES;
				GCC_WARN_ABOUT_RETURN_TYPE = YES_ERROR;
				GCC_WARN_UNDECLARED_SELECTOR = YES;
				GCC_WARN_UNINITIALIZED_AUTOS = YES_AGGRESSIVE;
				GCC_WARN_UNUSED_FUNCTION = YES;
				GCC_WARN_UNUSED_VARIABLE = YES;
				MACOSX_DEPLOYMENT_TARGET = 10.12;
				MTL_ENABLE_DEBUG_INFO = NO;
				SDKROOT = macosx;
				SWIFT_OPTIMIZATION_LEVEL = "-Owholemodule";
			};
			name = Release;
		};
		43CC9E531EBAB19300983528 /* Debug */ = {
			isa = XCBuildConfiguration;
			baseConfigurationReference = A4349442197ECCC192DF8A03 /* Pods-Shifty.debug.xcconfig */;
			buildSettings = {
				ASSETCATALOG_COMPILER_APPICON_NAME = AppIcon;
				CODE_SIGN_ENTITLEMENTS = Shifty/Shifty.entitlements;
				CODE_SIGN_IDENTITY = "Mac Developer";
				COMBINE_HIDPI_IMAGES = YES;
				DEBUG_INFORMATION_FORMAT = "dwarf-with-dsym";
				DEVELOPMENT_TEAM = 3Q7XKEDZ36;
				FRAMEWORK_SEARCH_PATHS = (
					"$(inherited)",
					"$(SYSTEM_LIBRARY_DIR)/PrivateFrameworks",
					"$(PROJECT_DIR)",
					"$(PROJECT_DIR)/Shifty",
				);
				INFOPLIST_FILE = "$(SRCROOT)/Shifty/Info.plist";
				LD_RUNPATH_SEARCH_PATHS = "$(inherited) @executable_path/../Frameworks";
				MACOSX_DEPLOYMENT_TARGET = 10.12;
				PRODUCT_BUNDLE_IDENTIFIER = io.natethompson.Shifty;
				PRODUCT_NAME = "$(TARGET_NAME)";
				PROVISIONING_PROFILE_SPECIFIER = "";
				SWIFT_OBJC_BRIDGING_HEADER = "Shifty/Shifty-Bridging-Header.h";
				SWIFT_VERSION = 4.0;
			};
			name = Debug;
		};
		43CC9E541EBAB19300983528 /* Release */ = {
			isa = XCBuildConfiguration;
			baseConfigurationReference = 115BB8A6F00EEB28DD8A96E5 /* Pods-Shifty.release.xcconfig */;
			buildSettings = {
				ASSETCATALOG_COMPILER_APPICON_NAME = AppIcon;
				CODE_SIGN_ENTITLEMENTS = Shifty/Shifty.entitlements;
				CODE_SIGN_IDENTITY = "Mac Developer";
				COMBINE_HIDPI_IMAGES = YES;
				DEVELOPMENT_TEAM = 3Q7XKEDZ36;
				FRAMEWORK_SEARCH_PATHS = (
					"$(inherited)",
					"$(SYSTEM_LIBRARY_DIR)/PrivateFrameworks",
					"$(PROJECT_DIR)",
					"$(PROJECT_DIR)/Shifty",
				);
				INFOPLIST_FILE = "$(SRCROOT)/Shifty/Info.plist";
				LD_RUNPATH_SEARCH_PATHS = "$(inherited) @executable_path/../Frameworks";
				MACOSX_DEPLOYMENT_TARGET = 10.12;
				PRODUCT_BUNDLE_IDENTIFIER = io.natethompson.Shifty;
				PRODUCT_NAME = "$(TARGET_NAME)";
				PROVISIONING_PROFILE_SPECIFIER = "";
				SWIFT_OBJC_BRIDGING_HEADER = "Shifty/Shifty-Bridging-Header.h";
				SWIFT_VERSION = 4.0;
			};
			name = Release;
		};
/* End XCBuildConfiguration section */

/* Begin XCConfigurationList section */
		43C7A4911F19F2CB00A697C0 /* Build configuration list for PBXNativeTarget "ShiftyHelper" */ = {
			isa = XCConfigurationList;
			buildConfigurations = (
				43C7A4921F19F2CB00A697C0 /* Debug */,
				43C7A4931F19F2CB00A697C0 /* Release */,
			);
			defaultConfigurationIsVisible = 0;
			defaultConfigurationName = Release;
		};
		43CC9E3E1EBAB19300983528 /* Build configuration list for PBXProject "Shifty" */ = {
			isa = XCConfigurationList;
			buildConfigurations = (
				43CC9E501EBAB19300983528 /* Debug */,
				43CC9E511EBAB19300983528 /* Release */,
			);
			defaultConfigurationIsVisible = 0;
			defaultConfigurationName = Release;
		};
		43CC9E521EBAB19300983528 /* Build configuration list for PBXNativeTarget "Shifty" */ = {
			isa = XCConfigurationList;
			buildConfigurations = (
				43CC9E531EBAB19300983528 /* Debug */,
				43CC9E541EBAB19300983528 /* Release */,
			);
			defaultConfigurationIsVisible = 0;
			defaultConfigurationName = Release;
		};
/* End XCConfigurationList section */
	};
	rootObject = 43CC9E3B1EBAB19300983528 /* Project object */;
}
